PODS:
  - ARAnalytics/CoreIOS (2.8.0)
  - ARAnalytics/DSL (2.8.0):
    - Aspects (~> 1.3.1)
  - ARAnalytics/GoogleAnalytics (2.8.0):
    - ARAnalytics/CoreIOS
    - GoogleAnalytics-iOS-SDK
  - ARAnalytics/Mixpanel (2.8.0):
    - ARAnalytics/CoreIOS
    - Mixpanel
  - Aspects (1.3.1)
  - CPPickerView (1.2.0)
  - CrashlyticsFramework (2.2.4)
  - GoogleAnalytics-iOS-SDK (3.0.3c)
  - Mixpanel (2.5.3)
  - MRProgress (0.7.0):
    - MRProgress/ActivityIndicator
    - MRProgress/Blur
    - MRProgress/Circular
    - MRProgress/Icons
    - MRProgress/NavigationBarProgress
    - MRProgress/Overlay
  - MRProgress/ActivityIndicator (0.7.0):
    - MRProgress/Stopable
  - MRProgress/Blur (0.7.0):
    - MRProgress/Helper
  - MRProgress/Circular (0.7.0):
    - MRProgress/Helper
    - MRProgress/ProgressBaseClass
    - MRProgress/Stopable
  - MRProgress/Helper (0.7.0)
  - MRProgress/Icons (0.7.0)
  - MRProgress/NavigationBarProgress (0.7.0):
    - MRProgress/ProgressBaseClass
  - MRProgress/Overlay (0.7.0):
    - MRProgress/ActivityIndicator
    - MRProgress/Blur
    - MRProgress/Circular
    - MRProgress/Helper
    - MRProgress/Icons
  - MRProgress/ProgressBaseClass (0.7.0)
  - MRProgress/Stopable (0.7.0):
    - MRProgress/Helper
  - NewRelicAgent (3.412)
  - SAMTextView (0.2.1)
  - SDWebImage (3.7.1):
    - SDWebImage/Core
  - SDWebImage/Core (3.7.1)
  - SSKeychain (1.2.2)

DEPENDENCIES:
  - ARAnalytics/DSL (~> 2.8.0)
  - ARAnalytics/GoogleAnalytics
  - ARAnalytics/Mixpanel
  - CPPickerView (~> 1.2.0)
  - CrashlyticsFramework
  - GoogleAnalytics-iOS-SDK (= 3.0.3c)
  - MRProgress
  - NewRelicAgent
  - SAMTextView
  - SDWebImage (~> 3.6)
  - SSKeychain

SPEC CHECKSUMS:
  ARAnalytics: 93c5b65989145f88f4d45e262612eac277b0c219
  Aspects: 7f1aea592d35c0c1af74ee2a5efa5c555b0ebfc9
  CPPickerView: 3ac971919f9010a315a48e8d88d322a43aa62a2e
  CrashlyticsFramework: 0c28a2c07a51b7691e6668b83824b0b0be77f307
  GoogleAnalytics-iOS-SDK: 4377a29aa3e039030df30fd5c6075baeed3c916c
  Mixpanel: 708ec9a6ee6e741f7db107831e18b2fc2e7531f1
  MRProgress: 5abb19ba97ad22c321c37f3d299e32391109b1d6
  NewRelicAgent: 5b293148e4ecbcc660630a1001d0a8b0fadaad87
  SAMTextView: 1062a784ba7b2080b0c17748001c416b53010b4b
  SDWebImage: 116e88633b5b416ea0ca4b334a4ac59cf72dd38d
  SSKeychain: cc48bd3ad24fcd9125adb9e0d23dd50b8bbd08b9

COCOAPODS: 0.34.1
