// !$*UTF8*$!
{
	archiveVersion = 1;
	classes = {
	};
	objectVersion = 46;
	objects = {

/* Begin PBXBuildFile section */
		151151911982B7A8001157A2 /* main.m in Sources */ = {isa = PBXBuildFile; fileRef = 151151901982B7A8001157A2 /* main.m */; };
		151151941982B7A8001157A2 /* AppDelegate.m in Sources */ = {isa = PBXBuildFile; fileRef = 151151931982B7A8001157A2 /* AppDelegate.m */; };
		151151A81982B7A8001157A2 /* HairfieAppTests.m in Sources */ = {isa = PBXBuildFile; fileRef = 151151A71982B7A8001157A2 /* HairfieAppTests.m */; };
		15697B31199BB03800DA83FE /* UIImage+Resize.m in Sources */ = {isa = PBXBuildFile; fileRef = 15697B30199BB03800DA83FE /* UIImage+Resize.m */; };
		15E6AE761992635900A11947 /* OpeningTimes.swift in Sources */ = {isa = PBXBuildFile; fileRef = 15E6AE751992635900A11947 /* OpeningTimes.swift */; };
		15ED728C199B9C6400453A74 /* ImageIO.framework in Frameworks */ = {isa = PBXBuildFile; fileRef = 15ED728B199B9C6400453A74 /* ImageIO.framework */; };
		7D10889D4045404FAF307C78 /* libPods-HairfieApp.a in Frameworks */ = {isa = PBXBuildFile; fileRef = 33C90A5A8A0E44DCA71D5A3A /* libPods-HairfieApp.a */; };
		B303B954199B9403008F6BAA /* Images.xcassets in Resources */ = {isa = PBXBuildFile; fileRef = B303B953199B9403008F6BAA /* Images.xcassets */; };
		B308700C198782AF0080E6D2 /* FavoriteViewController.m in Sources */ = {isa = PBXBuildFile; fileRef = B308700B198782AF0080E6D2 /* FavoriteViewController.m */; };
		B308700F198782BC0080E6D2 /* LikeViewController.m in Sources */ = {isa = PBXBuildFile; fileRef = B308700E198782BC0080E6D2 /* LikeViewController.m */; };
		B308701719878C030080E6D2 /* SettingsViewController.m in Sources */ = {isa = PBXBuildFile; fileRef = B308701619878C030080E6D2 /* SettingsViewController.m */; };
		B318D6EB199279D100DC20EF /* photo-example.jpeg in Resources */ = {isa = PBXBuildFile; fileRef = B318D6EA199279D100DC20EF /* photo-example.jpeg */; };
		B330B5BC198656450059AE56 /* MenuViewController.m in Sources */ = {isa = PBXBuildFile; fileRef = B330B5BB198656450059AE56 /* MenuViewController.m */; };
		B330B5BE198656DD0059AE56 /* UIKit.framework in Frameworks */ = {isa = PBXBuildFile; fileRef = B330B5BD198656DD0059AE56 /* UIKit.framework */; };
		B330B5C0198656EB0059AE56 /* Foundation.framework in Frameworks */ = {isa = PBXBuildFile; fileRef = B330B5BF198656EA0059AE56 /* Foundation.framework */; };
		B330B5C2198656F20059AE56 /* CoreGraphics.framework in Frameworks */ = {isa = PBXBuildFile; fileRef = B330B5C1198656F20059AE56 /* CoreGraphics.framework */; };
		B330B5C5198658970059AE56 /* HomeViewController.m in Sources */ = {isa = PBXBuildFile; fileRef = B330B5C4198658970059AE56 /* HomeViewController.m */; };
		B330B5CB198681B20059AE56 /* menu-icon.png in Resources */ = {isa = PBXBuildFile; fileRef = B330B5CA198681B20059AE56 /* menu-icon.png */; };
		B337B6F619A22B11003B0EA5 /* HairfieDetailCollectionReusableView.m in Sources */ = {isa = PBXBuildFile; fileRef = B337B6F419A22B11003B0EA5 /* HairfieDetailCollectionReusableView.m */; };
		B342315D1988E1DC0058866B /* settings-picto.png in Resources */ = {isa = PBXBuildFile; fileRef = B34231571988E1DC0058866B /* settings-picto.png */; };
		B342315E1988E1DC0058866B /* business-picto.png in Resources */ = {isa = PBXBuildFile; fileRef = B34231581988E1DC0058866B /* business-picto.png */; };
		B342315F1988E1DC0058866B /* friends-picto.png in Resources */ = {isa = PBXBuildFile; fileRef = B34231591988E1DC0058866B /* friends-picto.png */; };
		B34231601988E1DC0058866B /* likes-picto.png in Resources */ = {isa = PBXBuildFile; fileRef = B342315A1988E1DC0058866B /* likes-picto.png */; };
		B34231611988E1DC0058866B /* favorites-picto.png in Resources */ = {isa = PBXBuildFile; fileRef = B342315B1988E1DC0058866B /* favorites-picto.png */; };
		B34231621988E1DC0058866B /* home-picto.png in Resources */ = {isa = PBXBuildFile; fileRef = B342315C1988E1DC0058866B /* home-picto.png */; };
		B34231641988E60D0058866B /* SourceSansPro-ExtraLightItalic.ttf in Resources */ = {isa = PBXBuildFile; fileRef = B34231631988E60D0058866B /* SourceSansPro-ExtraLightItalic.ttf */; };
		B34231671988ECF50058866B /* FriendViewController.m in Sources */ = {isa = PBXBuildFile; fileRef = B34231661988ECF50058866B /* FriendViewController.m */; };
		B342316A1988ED070058866B /* BusinessViewController.m in Sources */ = {isa = PBXBuildFile; fileRef = B34231691988ED070058866B /* BusinessViewController.m */; };
		B342316C1988EFD20058866B /* aroundme-bttn.png in Resources */ = {isa = PBXBuildFile; fileRef = B342316B1988EFD20058866B /* aroundme-bttn.png */; };
		B342316F1988F8D70058866B /* AroundMeViewController.m in Sources */ = {isa = PBXBuildFile; fileRef = B342316E1988F8D70058866B /* AroundMeViewController.m */; };
		B3423175198907A80058866B /* CoreLocation.framework in Frameworks */ = {isa = PBXBuildFile; fileRef = B3423174198907A80058866B /* CoreLocation.framework */; };
		B342317719891AA40058866B /* MapKit.framework in Frameworks */ = {isa = PBXBuildFile; fileRef = B342317619891AA40058866B /* MapKit.framework */; };
		B342317A19891EA40058866B /* MyAnnotation.m in Sources */ = {isa = PBXBuildFile; fileRef = B342317919891EA40058866B /* MyAnnotation.m */; };
		B3423210198924290058866B /* AFHTTPRequestOperation.m in Sources */ = {isa = PBXBuildFile; fileRef = B34231FE198924290058866B /* AFHTTPRequestOperation.m */; };
		B3423211198924290058866B /* AFHTTPRequestOperationManager.m in Sources */ = {isa = PBXBuildFile; fileRef = B3423200198924290058866B /* AFHTTPRequestOperationManager.m */; };
		B3423212198924290058866B /* AFHTTPSessionManager.m in Sources */ = {isa = PBXBuildFile; fileRef = B3423202198924290058866B /* AFHTTPSessionManager.m */; };
		B3423213198924290058866B /* AFNetworkReachabilityManager.m in Sources */ = {isa = PBXBuildFile; fileRef = B3423205198924290058866B /* AFNetworkReachabilityManager.m */; };
		B3423214198924290058866B /* AFSecurityPolicy.m in Sources */ = {isa = PBXBuildFile; fileRef = B3423207198924290058866B /* AFSecurityPolicy.m */; };
		B3423215198924290058866B /* AFURLConnectionOperation.m in Sources */ = {isa = PBXBuildFile; fileRef = B3423209198924290058866B /* AFURLConnectionOperation.m */; };
		B3423216198924290058866B /* AFURLRequestSerialization.m in Sources */ = {isa = PBXBuildFile; fileRef = B342320B198924290058866B /* AFURLRequestSerialization.m */; };
		B3423217198924290058866B /* AFURLResponseSerialization.m in Sources */ = {isa = PBXBuildFile; fileRef = B342320D198924290058866B /* AFURLResponseSerialization.m */; };
		B3423218198924290058866B /* AFURLSessionManager.m in Sources */ = {isa = PBXBuildFile; fileRef = B342320F198924290058866B /* AFURLSessionManager.m */; };
		B345BA981994D4C2007BB61A /* button-add-favorite.png in Resources */ = {isa = PBXBuildFile; fileRef = B345BA971994D4C2007BB61A /* button-add-favorite.png */; };
		B345BACF1994F9FA007BB61A /* picto-take-picture.png in Resources */ = {isa = PBXBuildFile; fileRef = B345BACE1994F9FA007BB61A /* picto-take-picture.png */; };
		B345BAD11994FB01007BB61A /* search-bar.png in Resources */ = {isa = PBXBuildFile; fileRef = B345BAD01994FB01007BB61A /* search-bar.png */; };
		B345BAD31994FD06007BB61A /* around-me-bttn.png in Resources */ = {isa = PBXBuildFile; fileRef = B345BAD21994FD06007BB61A /* around-me-bttn.png */; };
		B345BAD8199502A3007BB61A /* CustomCollectionViewCell.m in Sources */ = {isa = PBXBuildFile; fileRef = B345BAD6199502A3007BB61A /* CustomCollectionViewCell.m */; };
		B345BAD9199502A3007BB61A /* CustomCollectionViewCell.xib in Resources */ = {isa = PBXBuildFile; fileRef = B345BAD7199502A3007BB61A /* CustomCollectionViewCell.xib */; };
		B345BADB19950EDB007BB61A /* hairfie.jpg in Resources */ = {isa = PBXBuildFile; fileRef = B345BADA19950EDB007BB61A /* hairfie.jpg */; };
		B345BADD19951707007BB61A /* picto-hairfie-like.png in Resources */ = {isa = PBXBuildFile; fileRef = B345BADC19951707007BB61A /* picto-hairfie-like.png */; };
		B345BAE819951A7E007BB61A /* OLEContainerScrollView+Swizzling.m in Sources */ = {isa = PBXBuildFile; fileRef = B345BAE019951A7E007BB61A /* OLEContainerScrollView+Swizzling.m */; };
		B345BAE919951A7E007BB61A /* OLEContainerScrollView.m in Sources */ = {isa = PBXBuildFile; fileRef = B345BAE219951A7E007BB61A /* OLEContainerScrollView.m */; };
		B345BAEA19951A7E007BB61A /* OLEContainerScrollViewContentView.m in Sources */ = {isa = PBXBuildFile; fileRef = B345BAE519951A7E007BB61A /* OLEContainerScrollViewContentView.m */; };
		B345BAEB19951A7E007BB61A /* OLESwizzling.m in Sources */ = {isa = PBXBuildFile; fileRef = B345BAE719951A7E007BB61A /* OLESwizzling.m */; };
		B36731D7198F939A00E11C56 /* SalonDetailViewController.m in Sources */ = {isa = PBXBuildFile; fileRef = B36731D6198F939A00E11C56 /* SalonDetailViewController.m */; };
		B36731E2198FB17800E11C56 /* picto-man-white.png in Resources */ = {isa = PBXBuildFile; fileRef = B36731E0198FB17800E11C56 /* picto-man-white.png */; };
		B36731E3198FB17800E11C56 /* picto-woman-white.png in Resources */ = {isa = PBXBuildFile; fileRef = B36731E1198FB17800E11C56 /* picto-woman-white.png */; };
		B36731E5198FD87600E11C56 /* picto-home-black.png in Resources */ = {isa = PBXBuildFile; fileRef = B36731E4198FD87600E11C56 /* picto-home-black.png */; };
		B36731EB198FE0B000E11C56 /* half_selected_review.png in Resources */ = {isa = PBXBuildFile; fileRef = B36731E8198FE0B000E11C56 /* half_selected_review.png */; };
		B36731EC198FE0B000E11C56 /* selected_review.png in Resources */ = {isa = PBXBuildFile; fileRef = B36731E9198FE0B000E11C56 /* selected_review.png */; };
		B36731ED198FE0B000E11C56 /* not_selected_review.png in Resources */ = {isa = PBXBuildFile; fileRef = B36731EA198FE0B000E11C56 /* not_selected_review.png */; };
		B37F9A4D198F8F5E00881071 /* page-salon-bttn-bg.png in Resources */ = {isa = PBXBuildFile; fileRef = B37F9A4A198F8F5E00881071 /* page-salon-bttn-bg.png */; };
		B37F9A4E198F8F5E00881071 /* picto-list-phone.png in Resources */ = {isa = PBXBuildFile; fileRef = B37F9A4B198F8F5E00881071 /* picto-list-phone.png */; };
		B37F9A54198F910B00881071 /* picto-sales.png in Resources */ = {isa = PBXBuildFile; fileRef = B37F9A50198F910B00881071 /* picto-sales.png */; };
		B37F9A55198F910B00881071 /* picto-hairdresser.png in Resources */ = {isa = PBXBuildFile; fileRef = B37F9A51198F910B00881071 /* picto-hairdresser.png */; };
		B37F9A56198F910B00881071 /* picto-camera.png in Resources */ = {isa = PBXBuildFile; fileRef = B37F9A52198F910B00881071 /* picto-camera.png */; };
		B37F9A57198F910B00881071 /* picto-info.png in Resources */ = {isa = PBXBuildFile; fileRef = B37F9A53198F910B00881071 /* picto-info.png */; };
		B38A8D471993B8E300239BC1 /* map_pin.png in Resources */ = {isa = PBXBuildFile; fileRef = B38A8D461993B8E300239BC1 /* map_pin.png */; };
		B3923188198B9F8000E0817D /* line-separator.png in Resources */ = {isa = PBXBuildFile; fileRef = B3923187198B9F8000E0817D /* line-separator.png */; };
		B3A12814198A7F3A004D90BD /* custom-pin.png in Resources */ = {isa = PBXBuildFile; fileRef = B3A12813198A7F3A004D90BD /* custom-pin.png */; };
		B3A1281A198A85D8004D90BD /* CustomPinView.m in Sources */ = {isa = PBXBuildFile; fileRef = B3A12819198A85D8004D90BD /* CustomPinView.m */; };
		B3A1281C198A8609004D90BD /* CustomPinView.xib in Resources */ = {isa = PBXBuildFile; fileRef = B3A1281B198A8609004D90BD /* CustomPinView.xib */; };
		B3A12821198AA1B1004D90BD /* custom-map-pin.png in Resources */ = {isa = PBXBuildFile; fileRef = B3A12820198AA1B1004D90BD /* custom-map-pin.png */; };
		B3AD59B7198B9A3700909ADE /* SalonTableViewCell.m in Sources */ = {isa = PBXBuildFile; fileRef = B3AD59B5198B9A3700909ADE /* SalonTableViewCell.m */; };
		B3AD59B8198B9A3700909ADE /* SalonTableViewCell.xib in Resources */ = {isa = PBXBuildFile; fileRef = B3AD59B6198B9A3700909ADE /* SalonTableViewCell.xib */; };
		B3AD59BF198B9D3500909ADE /* picto-list-resume.png in Resources */ = {isa = PBXBuildFile; fileRef = B3AD59BA198B9D3500909ADE /* picto-list-resume.png */; };
		B3AD59C0198B9D3500909ADE /* list-button-call.png in Resources */ = {isa = PBXBuildFile; fileRef = B3AD59BB198B9D3500909ADE /* list-button-call.png */; };
		B3AD59C1198B9D3500909ADE /* picto-list-promo.png in Resources */ = {isa = PBXBuildFile; fileRef = B3AD59BC198B9D3500909ADE /* picto-list-promo.png */; };
		B3AD59C2198B9D3500909ADE /* picto-list-man.png in Resources */ = {isa = PBXBuildFile; fileRef = B3AD59BD198B9D3500909ADE /* picto-list-man.png */; };
		B3AD59C3198B9D3500909ADE /* picto-list-woman.png in Resources */ = {isa = PBXBuildFile; fileRef = B3AD59BE198B9D3500909ADE /* picto-list-woman.png */; };
		B3BB4820199B983800F8CD5B /* arrow-nav.png in Resources */ = {isa = PBXBuildFile; fileRef = B3BB481F199B983800F8CD5B /* arrow-nav.png */; };
		B3BD869F198BCFE500BD8591 /* RatingView.m in Sources */ = {isa = PBXBuildFile; fileRef = B3BD869E198BCFE500BD8591 /* RatingView.m */; };
		B3BD86AA198BD3DA00BD8591 /* half_selected_star.png in Resources */ = {isa = PBXBuildFile; fileRef = B3BD86A7198BD3DA00BD8591 /* half_selected_star.png */; };
		B3BD86AB198BD3DA00BD8591 /* not_selected_star.png in Resources */ = {isa = PBXBuildFile; fileRef = B3BD86A8198BD3DA00BD8591 /* not_selected_star.png */; };
		B3BD86AC198BD3DA00BD8591 /* selected_star.png in Resources */ = {isa = PBXBuildFile; fileRef = B3BD86A9198BD3DA00BD8591 /* selected_star.png */; };
		B3BD86AE198BDDB700BD8591 /* statusLabelView.png in Resources */ = {isa = PBXBuildFile; fileRef = B3BD86AD198BDDB700BD8591 /* statusLabelView.png */; };
		B3BD86B0198BE0DF00BD8591 /* picto-list-nav.png in Resources */ = {isa = PBXBuildFile; fileRef = B3BD86AF198BE0DF00BD8591 /* picto-list-nav.png */; };
		B3C45BD1199A4670000E6C8E /* switch-camera-button.png in Resources */ = {isa = PBXBuildFile; fileRef = B3C45BCF199A4670000E6C8E /* switch-camera-button.png */; };
		B3C45BD2199A4670000E6C8E /* take-picture-button.png in Resources */ = {isa = PBXBuildFile; fileRef = B3C45BD0199A4670000E6C8E /* take-picture-button.png */; };
		B3C45BD6199A4A1B000E6C8E /* CameraOverlayView.m in Sources */ = {isa = PBXBuildFile; fileRef = B3C45BD5199A4A1B000E6C8E /* CameraOverlayView.m */; };
		B3CCE7781998B6CA00067DB9 /* HairfieDetailViewController.m in Sources */ = {isa = PBXBuildFile; fileRef = B3CCE7771998B6CA00067DB9 /* HairfieDetailViewController.m */; };
		B3CCE77A1998BB1B00067DB9 /* picto-hairfie-comment.png in Resources */ = {isa = PBXBuildFile; fileRef = B3CCE7791998BB1B00067DB9 /* picto-hairfie-comment.png */; };
		B3CCE77E1998BCA400067DB9 /* picto-hairfie-detail-like.png in Resources */ = {isa = PBXBuildFile; fileRef = B3CCE77D1998BCA400067DB9 /* picto-hairfie-detail-like.png */; };
		B3CCE7821998BF7400067DB9 /* picto-hairfie-detail-price.png in Resources */ = {isa = PBXBuildFile; fileRef = B3CCE77F1998BF7400067DB9 /* picto-hairfie-detail-price.png */; };
		B3CCE7831998BF7400067DB9 /* picto-hairfie-detail-employee.png in Resources */ = {isa = PBXBuildFile; fileRef = B3CCE7801998BF7400067DB9 /* picto-hairfie-detail-employee.png */; };
		B3CCE7861998BFBB00067DB9 /* picto-hairfie-detail-hairdresser.png in Resources */ = {isa = PBXBuildFile; fileRef = B3CCE7851998BFBB00067DB9 /* picto-hairfie-detail-hairdresser.png */; };
		B3CCE78A1998CDAC00067DB9 /* HairfieDetailTableViewCell.m in Sources */ = {isa = PBXBuildFile; fileRef = B3CCE7881998CDAC00067DB9 /* HairfieDetailTableViewCell.m */; };
		B3CCE78B1998CDAC00067DB9 /* HairfieDetailTableViewCell.xib in Resources */ = {isa = PBXBuildFile; fileRef = B3CCE7891998CDAC00067DB9 /* HairfieDetailTableViewCell.xib */; };
		B3CCE78F1998F4F600067DB9 /* CommentTableViewCell.m in Sources */ = {isa = PBXBuildFile; fileRef = B3CCE78D1998F4F600067DB9 /* CommentTableViewCell.m */; };
		B3CCE7901998F4F600067DB9 /* CommentTableViewCell.xib in Resources */ = {isa = PBXBuildFile; fileRef = B3CCE78E1998F4F600067DB9 /* CommentTableViewCell.xib */; };
		B3CCE794199921C700067DB9 /* picto-menu-point.png in Resources */ = {isa = PBXBuildFile; fileRef = B3CCE793199921C700067DB9 /* picto-menu-point.png */; };
		B3DD7A731990C8DD007B1621 /* picto-clock-black.png in Resources */ = {isa = PBXBuildFile; fileRef = B3DD7A721990C8DD007B1621 /* picto-clock-black.png */; };
		B3DD7A751990CA21007B1621 /* phone-label-bg.png in Resources */ = {isa = PBXBuildFile; fileRef = B3DD7A741990CA21007B1621 /* phone-label-bg.png */; };
		B3DD7A7C199110FF007B1621 /* test-contour.png in Resources */ = {isa = PBXBuildFile; fileRef = B3DD7A7B199110FF007B1621 /* test-contour.png */; };
		B3DD7A8019911245007B1621 /* ReviewTableViewCell.m in Sources */ = {isa = PBXBuildFile; fileRef = B3DD7A7E19911245007B1621 /* ReviewTableViewCell.m */; };
		B3DD7A8119911245007B1621 /* ReviewTableViewCell.xib in Resources */ = {isa = PBXBuildFile; fileRef = B3DD7A7F19911245007B1621 /* ReviewTableViewCell.xib */; };
		B3DD7A851991288F007B1621 /* SimilarTableViewCell.m in Sources */ = {isa = PBXBuildFile; fileRef = B3DD7A831991288F007B1621 /* SimilarTableViewCell.m */; };
		B3DD7A861991288F007B1621 /* SimilarTableViewCell.xib in Resources */ = {isa = PBXBuildFile; fileRef = B3DD7A841991288F007B1621 /* SimilarTableViewCell.xib */; };
		B3DD7A8819912A6C007B1621 /* picto-phone-white.png in Resources */ = {isa = PBXBuildFile; fileRef = B3DD7A8719912A6C007B1621 /* picto-phone-white.png */; };
		B3E4B5981992530100CBBDC8 /* nav-disclosure.png in Resources */ = {isa = PBXBuildFile; fileRef = B3E4B5971992530100CBBDC8 /* nav-disclosure.png */; };
		B3E65FB61986917800AF0C15 /* ECPercentDrivenInteractiveTransition.m in Sources */ = {isa = PBXBuildFile; fileRef = B3E65FAA1986917800AF0C15 /* ECPercentDrivenInteractiveTransition.m */; };
		B3E65FB71986917800AF0C15 /* ECSlidingAnimationController.m in Sources */ = {isa = PBXBuildFile; fileRef = B3E65FAC1986917800AF0C15 /* ECSlidingAnimationController.m */; };
		B3E65FB81986917800AF0C15 /* ECSlidingInteractiveTransition.m in Sources */ = {isa = PBXBuildFile; fileRef = B3E65FAF1986917800AF0C15 /* ECSlidingInteractiveTransition.m */; };
		B3E65FB91986917800AF0C15 /* ECSlidingSegue.m in Sources */ = {isa = PBXBuildFile; fileRef = B3E65FB11986917800AF0C15 /* ECSlidingSegue.m */; };
		B3E65FBA1986917800AF0C15 /* ECSlidingViewController.m in Sources */ = {isa = PBXBuildFile; fileRef = B3E65FB31986917800AF0C15 /* ECSlidingViewController.m */; };
		B3E65FBB1986917800AF0C15 /* UIViewController+ECSlidingViewController.m in Sources */ = {isa = PBXBuildFile; fileRef = B3E65FB51986917800AF0C15 /* UIViewController+ECSlidingViewController.m */; };
		B3E65FD31986A32D00AF0C15 /* navigation-bg.jpg in Resources */ = {isa = PBXBuildFile; fileRef = B3E65FD21986A32D00AF0C15 /* navigation-bg.jpg */; };
		B3E65FD51986A9E500AF0C15 /* selected-cell.jpg in Resources */ = {isa = PBXBuildFile; fileRef = B3E65FD41986A9E500AF0C15 /* selected-cell.jpg */; };
		B3EBE754199BACFD0073B844 /* bg-book-no-info.png in Resources */ = {isa = PBXBuildFile; fileRef = B3EBE752199BACFD0073B844 /* bg-book-no-info.png */; };
		B3EBE755199BACFD0073B844 /* bg-book.png in Resources */ = {isa = PBXBuildFile; fileRef = B3EBE753199BACFD0073B844 /* bg-book.png */; };
		B3EDF87419878F6C00431B70 /* Localizable.strings in Resources */ = {isa = PBXBuildFile; fileRef = B3EDF87619878F6C00431B70 /* Localizable.strings */; };
		B3EDF88A198794C900431B70 /* Main.storyboard in Resources */ = {isa = PBXBuildFile; fileRef = B3EDF88C198794C900431B70 /* Main.storyboard */; };
		B3EDF89219879BEF00431B70 /* QuartzCore.framework in Frameworks */ = {isa = PBXBuildFile; fileRef = B3EDF89119879BEF00431B70 /* QuartzCore.framework */; };
		B3EDF8981987ABB900431B70 /* leosquare.jpg in Resources */ = {isa = PBXBuildFile; fileRef = B3EDF8971987ABB900431B70 /* leosquare.jpg */; };
		B3EDF89E1987C57200431B70 /* menu-bttn.png in Resources */ = {isa = PBXBuildFile; fileRef = B3EDF89C1987C57200431B70 /* menu-bttn.png */; };
		B3F662381987D52A0041F298 /* OFL.txt in Resources */ = {isa = PBXBuildFile; fileRef = B3F6622B1987D52A0041F298 /* OFL.txt */; };
		B3F6623B1987D52A0041F298 /* SourceSansPro-Bold.ttf in Resources */ = {isa = PBXBuildFile; fileRef = B3F6622E1987D52A0041F298 /* SourceSansPro-Bold.ttf */; };
		B3F6623F1987D52A0041F298 /* SourceSansPro-Italic.ttf in Resources */ = {isa = PBXBuildFile; fileRef = B3F662321987D52A0041F298 /* SourceSansPro-Italic.ttf */; };
		B3F662401987D52A0041F298 /* SourceSansPro-Light.ttf in Resources */ = {isa = PBXBuildFile; fileRef = B3F662331987D52A0041F298 /* SourceSansPro-Light.ttf */; };
		B3F662421987D52A0041F298 /* SourceSansPro-Regular.ttf in Resources */ = {isa = PBXBuildFile; fileRef = B3F662351987D52A0041F298 /* SourceSansPro-Regular.ttf */; };
		B3F662431987D52A0041F298 /* SourceSansPro-Semibold.ttf in Resources */ = {isa = PBXBuildFile; fileRef = B3F662361987D52A0041F298 /* SourceSansPro-Semibold.ttf */; };
		B3F6624D1987E87E0041F298 /* MenuTableViewCell.m in Sources */ = {isa = PBXBuildFile; fileRef = B3F6624B1987E87E0041F298 /* MenuTableViewCell.m */; };
		B3F6624E1987E87E0041F298 /* MenuTableViewCell.xib in Resources */ = {isa = PBXBuildFile; fileRef = B3F6624C1987E87E0041F298 /* MenuTableViewCell.xib */; };
		D6A51555FE764820B9579157 /* libPods-HairfieAppTests.a in Frameworks */ = {isa = PBXBuildFile; fileRef = DF845E18C45A4DEEB480539A /* libPods-HairfieAppTests.a */; };
/* End PBXBuildFile section */

/* Begin PBXContainerItemProxy section */
		151151A21982B7A8001157A2 /* PBXContainerItemProxy */ = {
			isa = PBXContainerItemProxy;
			containerPortal = 151151831982B7A8001157A2 /* Project object */;
			proxyType = 1;
			remoteGlobalIDString = 1511518A1982B7A8001157A2;
			remoteInfo = HairfieApp;
		};
/* End PBXContainerItemProxy section */

/* Begin PBXFileReference section */
		1511518B1982B7A8001157A2 /* HairfieApp.app */ = {isa = PBXFileReference; explicitFileType = wrapper.application; includeInIndex = 0; path = HairfieApp.app; sourceTree = BUILT_PRODUCTS_DIR; };
		151151901982B7A8001157A2 /* main.m */ = {isa = PBXFileReference; lastKnownFileType = sourcecode.c.objc; path = main.m; sourceTree = "<group>"; };
		151151921982B7A8001157A2 /* AppDelegate.h */ = {isa = PBXFileReference; lastKnownFileType = sourcecode.c.h; path = AppDelegate.h; sourceTree = "<group>"; };
		151151931982B7A8001157A2 /* AppDelegate.m */ = {isa = PBXFileReference; lastKnownFileType = sourcecode.c.objc; path = AppDelegate.m; sourceTree = "<group>"; };
		151151A11982B7A8001157A2 /* HairfieAppTests.xctest */ = {isa = PBXFileReference; explicitFileType = wrapper.cfbundle; includeInIndex = 0; path = HairfieAppTests.xctest; sourceTree = BUILT_PRODUCTS_DIR; };
		151151A61982B7A8001157A2 /* Info.plist */ = {isa = PBXFileReference; lastKnownFileType = text.plist.xml; path = Info.plist; sourceTree = "<group>"; };
		151151A71982B7A8001157A2 /* HairfieAppTests.m */ = {isa = PBXFileReference; lastKnownFileType = sourcecode.c.objc; path = HairfieAppTests.m; sourceTree = "<group>"; };
		15697B2F199BB01B00DA83FE /* UIImage+Resize.h */ = {isa = PBXFileReference; lastKnownFileType = sourcecode.c.h; path = "UIImage+Resize.h"; sourceTree = "<group>"; };
		15697B30199BB03800DA83FE /* UIImage+Resize.m */ = {isa = PBXFileReference; fileEncoding = 4; lastKnownFileType = sourcecode.c.objc; path = "UIImage+Resize.m"; sourceTree = "<group>"; };
		157D7715198FF309006C1947 /* Constants.h */ = {isa = PBXFileReference; fileEncoding = 4; lastKnownFileType = sourcecode.c.h; path = Constants.h; sourceTree = "<group>"; };
		158431C3198A72FB001621B4 /* fr */ = {isa = PBXFileReference; lastKnownFileType = text.plist.strings; name = fr; path = fr.lproj/Main.strings; sourceTree = "<group>"; };
		15E6AE751992635900A11947 /* OpeningTimes.swift */ = {isa = PBXFileReference; fileEncoding = 4; lastKnownFileType = sourcecode.swift; path = OpeningTimes.swift; sourceTree = "<group>"; };
		15ED728B199B9C6400453A74 /* ImageIO.framework */ = {isa = PBXFileReference; lastKnownFileType = wrapper.framework; name = ImageIO.framework; path = System/Library/Frameworks/ImageIO.framework; sourceTree = SDKROOT; };
		2D7E837BAA644663900B5CBF /* Pods-HairfieApp.xcconfig */ = {isa = PBXFileReference; includeInIndex = 1; lastKnownFileType = text.xcconfig; name = "Pods-HairfieApp.xcconfig"; path = "Pods/Pods-HairfieApp.xcconfig"; sourceTree = "<group>"; };
		33C90A5A8A0E44DCA71D5A3A /* libPods-HairfieApp.a */ = {isa = PBXFileReference; explicitFileType = archive.ar; includeInIndex = 0; path = "libPods-HairfieApp.a"; sourceTree = BUILT_PRODUCTS_DIR; };
		8C8B91109EA849F389B9B603 /* Pods-HairfieAppTests.xcconfig */ = {isa = PBXFileReference; includeInIndex = 1; lastKnownFileType = text.xcconfig; name = "Pods-HairfieAppTests.xcconfig"; path = "Pods/Pods-HairfieAppTests.xcconfig"; sourceTree = "<group>"; };
		B303B953199B9403008F6BAA /* Images.xcassets */ = {isa = PBXFileReference; lastKnownFileType = folder.assetcatalog; path = Images.xcassets; sourceTree = "<group>"; };
		B308700A198782AF0080E6D2 /* FavoriteViewController.h */ = {isa = PBXFileReference; fileEncoding = 4; lastKnownFileType = sourcecode.c.h; path = FavoriteViewController.h; sourceTree = "<group>"; };
		B308700B198782AF0080E6D2 /* FavoriteViewController.m */ = {isa = PBXFileReference; fileEncoding = 4; lastKnownFileType = sourcecode.c.objc; path = FavoriteViewController.m; sourceTree = "<group>"; };
		B308700D198782BC0080E6D2 /* LikeViewController.h */ = {isa = PBXFileReference; fileEncoding = 4; lastKnownFileType = sourcecode.c.h; path = LikeViewController.h; sourceTree = "<group>"; };
		B308700E198782BC0080E6D2 /* LikeViewController.m */ = {isa = PBXFileReference; fileEncoding = 4; lastKnownFileType = sourcecode.c.objc; path = LikeViewController.m; sourceTree = "<group>"; };
		B308701519878C030080E6D2 /* SettingsViewController.h */ = {isa = PBXFileReference; fileEncoding = 4; lastKnownFileType = sourcecode.c.h; path = SettingsViewController.h; sourceTree = "<group>"; };
		B308701619878C030080E6D2 /* SettingsViewController.m */ = {isa = PBXFileReference; fileEncoding = 4; lastKnownFileType = sourcecode.c.objc; path = SettingsViewController.m; sourceTree = "<group>"; };
		B3170E761989AC7E00F41EAD /* HairfieApp-Bridging-Header.h */ = {isa = PBXFileReference; lastKnownFileType = sourcecode.c.h; path = "HairfieApp-Bridging-Header.h"; sourceTree = "<group>"; };
		B318D6EA199279D100DC20EF /* photo-example.jpeg */ = {isa = PBXFileReference; lastKnownFileType = image.jpeg; path = "photo-example.jpeg"; sourceTree = "<group>"; };
		B330B5BA198656450059AE56 /* MenuViewController.h */ = {isa = PBXFileReference; fileEncoding = 4; lastKnownFileType = sourcecode.c.h; path = MenuViewController.h; sourceTree = "<group>"; };
		B330B5BB198656450059AE56 /* MenuViewController.m */ = {isa = PBXFileReference; fileEncoding = 4; lastKnownFileType = sourcecode.c.objc; path = MenuViewController.m; sourceTree = "<group>"; };
		B330B5BD198656DD0059AE56 /* UIKit.framework */ = {isa = PBXFileReference; lastKnownFileType = wrapper.framework; name = UIKit.framework; path = System/Library/Frameworks/UIKit.framework; sourceTree = SDKROOT; };
		B330B5BF198656EA0059AE56 /* Foundation.framework */ = {isa = PBXFileReference; lastKnownFileType = wrapper.framework; name = Foundation.framework; path = System/Library/Frameworks/Foundation.framework; sourceTree = SDKROOT; };
		B330B5C1198656F20059AE56 /* CoreGraphics.framework */ = {isa = PBXFileReference; lastKnownFileType = wrapper.framework; name = CoreGraphics.framework; path = System/Library/Frameworks/CoreGraphics.framework; sourceTree = SDKROOT; };
		B330B5C3198658970059AE56 /* HomeViewController.h */ = {isa = PBXFileReference; fileEncoding = 4; lastKnownFileType = sourcecode.c.h; path = HomeViewController.h; sourceTree = "<group>"; };
		B330B5C4198658970059AE56 /* HomeViewController.m */ = {isa = PBXFileReference; fileEncoding = 4; lastKnownFileType = sourcecode.c.objc; path = HomeViewController.m; sourceTree = "<group>"; };
		B330B5C619865B2E0059AE56 /* HairfiePrefixHeader.pch */ = {isa = PBXFileReference; lastKnownFileType = sourcecode.c.h; path = HairfiePrefixHeader.pch; sourceTree = "<group>"; };
		B330B5CA198681B20059AE56 /* menu-icon.png */ = {isa = PBXFileReference; lastKnownFileType = image.png; name = "menu-icon.png"; path = "../menu-icon.png"; sourceTree = "<group>"; };
		B337B6F319A22B11003B0EA5 /* HairfieDetailCollectionReusableView.h */ = {isa = PBXFileReference; fileEncoding = 4; lastKnownFileType = sourcecode.c.h; path = HairfieDetailCollectionReusableView.h; sourceTree = "<group>"; };
		B337B6F419A22B11003B0EA5 /* HairfieDetailCollectionReusableView.m */ = {isa = PBXFileReference; fileEncoding = 4; lastKnownFileType = sourcecode.c.objc; path = HairfieDetailCollectionReusableView.m; sourceTree = "<group>"; };
		B34231571988E1DC0058866B /* settings-picto.png */ = {isa = PBXFileReference; lastKnownFileType = image.png; path = "settings-picto.png"; sourceTree = "<group>"; };
		B34231581988E1DC0058866B /* business-picto.png */ = {isa = PBXFileReference; lastKnownFileType = image.png; path = "business-picto.png"; sourceTree = "<group>"; };
		B34231591988E1DC0058866B /* friends-picto.png */ = {isa = PBXFileReference; lastKnownFileType = image.png; path = "friends-picto.png"; sourceTree = "<group>"; };
		B342315A1988E1DC0058866B /* likes-picto.png */ = {isa = PBXFileReference; lastKnownFileType = image.png; path = "likes-picto.png"; sourceTree = "<group>"; };
		B342315B1988E1DC0058866B /* favorites-picto.png */ = {isa = PBXFileReference; lastKnownFileType = image.png; path = "favorites-picto.png"; sourceTree = "<group>"; };
		B342315C1988E1DC0058866B /* home-picto.png */ = {isa = PBXFileReference; lastKnownFileType = image.png; path = "home-picto.png"; sourceTree = "<group>"; };
		B34231631988E60D0058866B /* SourceSansPro-ExtraLightItalic.ttf */ = {isa = PBXFileReference; lastKnownFileType = file; path = "SourceSansPro-ExtraLightItalic.ttf"; sourceTree = "<group>"; };
		B34231651988ECF50058866B /* FriendViewController.h */ = {isa = PBXFileReference; fileEncoding = 4; lastKnownFileType = sourcecode.c.h; path = FriendViewController.h; sourceTree = "<group>"; };
		B34231661988ECF50058866B /* FriendViewController.m */ = {isa = PBXFileReference; fileEncoding = 4; lastKnownFileType = sourcecode.c.objc; path = FriendViewController.m; sourceTree = "<group>"; };
		B34231681988ED070058866B /* BusinessViewController.h */ = {isa = PBXFileReference; fileEncoding = 4; lastKnownFileType = sourcecode.c.h; path = BusinessViewController.h; sourceTree = "<group>"; };
		B34231691988ED070058866B /* BusinessViewController.m */ = {isa = PBXFileReference; fileEncoding = 4; lastKnownFileType = sourcecode.c.objc; path = BusinessViewController.m; sourceTree = "<group>"; };
		B342316B1988EFD20058866B /* aroundme-bttn.png */ = {isa = PBXFileReference; lastKnownFileType = image.png; name = "aroundme-bttn.png"; path = "../aroundme-bttn.png"; sourceTree = "<group>"; };
		B342316D1988F8D70058866B /* AroundMeViewController.h */ = {isa = PBXFileReference; fileEncoding = 4; lastKnownFileType = sourcecode.c.h; path = AroundMeViewController.h; sourceTree = "<group>"; };
		B342316E1988F8D70058866B /* AroundMeViewController.m */ = {isa = PBXFileReference; fileEncoding = 4; lastKnownFileType = sourcecode.c.objc; path = AroundMeViewController.m; sourceTree = "<group>"; };
		B3423174198907A80058866B /* CoreLocation.framework */ = {isa = PBXFileReference; lastKnownFileType = wrapper.framework; name = CoreLocation.framework; path = System/Library/Frameworks/CoreLocation.framework; sourceTree = SDKROOT; };
		B342317619891AA40058866B /* MapKit.framework */ = {isa = PBXFileReference; lastKnownFileType = wrapper.framework; name = MapKit.framework; path = System/Library/Frameworks/MapKit.framework; sourceTree = SDKROOT; };
		B342317819891EA40058866B /* MyAnnotation.h */ = {isa = PBXFileReference; fileEncoding = 4; lastKnownFileType = sourcecode.c.h; path = MyAnnotation.h; sourceTree = "<group>"; };
		B342317919891EA40058866B /* MyAnnotation.m */ = {isa = PBXFileReference; fileEncoding = 4; lastKnownFileType = sourcecode.c.objc; path = MyAnnotation.m; sourceTree = "<group>"; };
		B34231FD198924290058866B /* AFHTTPRequestOperation.h */ = {isa = PBXFileReference; fileEncoding = 4; lastKnownFileType = sourcecode.c.h; path = AFHTTPRequestOperation.h; sourceTree = "<group>"; };
		B34231FE198924290058866B /* AFHTTPRequestOperation.m */ = {isa = PBXFileReference; fileEncoding = 4; lastKnownFileType = sourcecode.c.objc; path = AFHTTPRequestOperation.m; sourceTree = "<group>"; };
		B34231FF198924290058866B /* AFHTTPRequestOperationManager.h */ = {isa = PBXFileReference; fileEncoding = 4; lastKnownFileType = sourcecode.c.h; path = AFHTTPRequestOperationManager.h; sourceTree = "<group>"; };
		B3423200198924290058866B /* AFHTTPRequestOperationManager.m */ = {isa = PBXFileReference; fileEncoding = 4; lastKnownFileType = sourcecode.c.objc; path = AFHTTPRequestOperationManager.m; sourceTree = "<group>"; };
		B3423201198924290058866B /* AFHTTPSessionManager.h */ = {isa = PBXFileReference; fileEncoding = 4; lastKnownFileType = sourcecode.c.h; path = AFHTTPSessionManager.h; sourceTree = "<group>"; };
		B3423202198924290058866B /* AFHTTPSessionManager.m */ = {isa = PBXFileReference; fileEncoding = 4; lastKnownFileType = sourcecode.c.objc; path = AFHTTPSessionManager.m; sourceTree = "<group>"; };
		B3423203198924290058866B /* AFNetworking.h */ = {isa = PBXFileReference; fileEncoding = 4; lastKnownFileType = sourcecode.c.h; path = AFNetworking.h; sourceTree = "<group>"; };
		B3423204198924290058866B /* AFNetworkReachabilityManager.h */ = {isa = PBXFileReference; fileEncoding = 4; lastKnownFileType = sourcecode.c.h; path = AFNetworkReachabilityManager.h; sourceTree = "<group>"; };
		B3423205198924290058866B /* AFNetworkReachabilityManager.m */ = {isa = PBXFileReference; fileEncoding = 4; lastKnownFileType = sourcecode.c.objc; path = AFNetworkReachabilityManager.m; sourceTree = "<group>"; };
		B3423206198924290058866B /* AFSecurityPolicy.h */ = {isa = PBXFileReference; fileEncoding = 4; lastKnownFileType = sourcecode.c.h; path = AFSecurityPolicy.h; sourceTree = "<group>"; };
		B3423207198924290058866B /* AFSecurityPolicy.m */ = {isa = PBXFileReference; fileEncoding = 4; lastKnownFileType = sourcecode.c.objc; path = AFSecurityPolicy.m; sourceTree = "<group>"; };
		B3423208198924290058866B /* AFURLConnectionOperation.h */ = {isa = PBXFileReference; fileEncoding = 4; lastKnownFileType = sourcecode.c.h; path = AFURLConnectionOperation.h; sourceTree = "<group>"; };
		B3423209198924290058866B /* AFURLConnectionOperation.m */ = {isa = PBXFileReference; fileEncoding = 4; lastKnownFileType = sourcecode.c.objc; path = AFURLConnectionOperation.m; sourceTree = "<group>"; };
		B342320A198924290058866B /* AFURLRequestSerialization.h */ = {isa = PBXFileReference; fileEncoding = 4; lastKnownFileType = sourcecode.c.h; path = AFURLRequestSerialization.h; sourceTree = "<group>"; };
		B342320B198924290058866B /* AFURLRequestSerialization.m */ = {isa = PBXFileReference; fileEncoding = 4; lastKnownFileType = sourcecode.c.objc; path = AFURLRequestSerialization.m; sourceTree = "<group>"; };
		B342320C198924290058866B /* AFURLResponseSerialization.h */ = {isa = PBXFileReference; fileEncoding = 4; lastKnownFileType = sourcecode.c.h; path = AFURLResponseSerialization.h; sourceTree = "<group>"; };
		B342320D198924290058866B /* AFURLResponseSerialization.m */ = {isa = PBXFileReference; fileEncoding = 4; lastKnownFileType = sourcecode.c.objc; path = AFURLResponseSerialization.m; sourceTree = "<group>"; };
		B342320E198924290058866B /* AFURLSessionManager.h */ = {isa = PBXFileReference; fileEncoding = 4; lastKnownFileType = sourcecode.c.h; path = AFURLSessionManager.h; sourceTree = "<group>"; };
		B342320F198924290058866B /* AFURLSessionManager.m */ = {isa = PBXFileReference; fileEncoding = 4; lastKnownFileType = sourcecode.c.objc; path = AFURLSessionManager.m; sourceTree = "<group>"; };
		B345BA971994D4C2007BB61A /* button-add-favorite.png */ = {isa = PBXFileReference; lastKnownFileType = image.png; path = "button-add-favorite.png"; sourceTree = "<group>"; };
		B345BACE1994F9FA007BB61A /* picto-take-picture.png */ = {isa = PBXFileReference; lastKnownFileType = image.png; path = "picto-take-picture.png"; sourceTree = "<group>"; };
		B345BAD01994FB01007BB61A /* search-bar.png */ = {isa = PBXFileReference; lastKnownFileType = image.png; path = "search-bar.png"; sourceTree = "<group>"; };
		B345BAD21994FD06007BB61A /* around-me-bttn.png */ = {isa = PBXFileReference; lastKnownFileType = image.png; path = "around-me-bttn.png"; sourceTree = "<group>"; };
		B345BAD5199502A3007BB61A /* CustomCollectionViewCell.h */ = {isa = PBXFileReference; fileEncoding = 4; lastKnownFileType = sourcecode.c.h; path = CustomCollectionViewCell.h; sourceTree = "<group>"; };
		B345BAD6199502A3007BB61A /* CustomCollectionViewCell.m */ = {isa = PBXFileReference; fileEncoding = 4; lastKnownFileType = sourcecode.c.objc; path = CustomCollectionViewCell.m; sourceTree = "<group>"; };
		B345BAD7199502A3007BB61A /* CustomCollectionViewCell.xib */ = {isa = PBXFileReference; fileEncoding = 4; lastKnownFileType = file.xib; path = CustomCollectionViewCell.xib; sourceTree = "<group>"; };
		B345BADA19950EDB007BB61A /* hairfie.jpg */ = {isa = PBXFileReference; lastKnownFileType = image.jpeg; path = hairfie.jpg; sourceTree = "<group>"; };
		B345BADC19951707007BB61A /* picto-hairfie-like.png */ = {isa = PBXFileReference; lastKnownFileType = image.png; path = "picto-hairfie-like.png"; sourceTree = "<group>"; };
		B345BADF19951A7E007BB61A /* OLEContainerScrollView+Swizzling.h */ = {isa = PBXFileReference; fileEncoding = 4; lastKnownFileType = sourcecode.c.h; path = "OLEContainerScrollView+Swizzling.h"; sourceTree = "<group>"; };
		B345BAE019951A7E007BB61A /* OLEContainerScrollView+Swizzling.m */ = {isa = PBXFileReference; fileEncoding = 4; lastKnownFileType = sourcecode.c.objc; path = "OLEContainerScrollView+Swizzling.m"; sourceTree = "<group>"; };
		B345BAE119951A7E007BB61A /* OLEContainerScrollView.h */ = {isa = PBXFileReference; fileEncoding = 4; lastKnownFileType = sourcecode.c.h; path = OLEContainerScrollView.h; sourceTree = "<group>"; };
		B345BAE219951A7E007BB61A /* OLEContainerScrollView.m */ = {isa = PBXFileReference; fileEncoding = 4; lastKnownFileType = sourcecode.c.objc; path = OLEContainerScrollView.m; sourceTree = "<group>"; };
		B345BAE319951A7E007BB61A /* OLEContainerScrollView_Private.h */ = {isa = PBXFileReference; fileEncoding = 4; lastKnownFileType = sourcecode.c.h; path = OLEContainerScrollView_Private.h; sourceTree = "<group>"; };
		B345BAE419951A7E007BB61A /* OLEContainerScrollViewContentView.h */ = {isa = PBXFileReference; fileEncoding = 4; lastKnownFileType = sourcecode.c.h; path = OLEContainerScrollViewContentView.h; sourceTree = "<group>"; };
		B345BAE519951A7E007BB61A /* OLEContainerScrollViewContentView.m */ = {isa = PBXFileReference; fileEncoding = 4; lastKnownFileType = sourcecode.c.objc; path = OLEContainerScrollViewContentView.m; sourceTree = "<group>"; };
		B345BAE619951A7E007BB61A /* OLESwizzling.h */ = {isa = PBXFileReference; fileEncoding = 4; lastKnownFileType = sourcecode.c.h; path = OLESwizzling.h; sourceTree = "<group>"; };
		B345BAE719951A7E007BB61A /* OLESwizzling.m */ = {isa = PBXFileReference; fileEncoding = 4; lastKnownFileType = sourcecode.c.objc; path = OLESwizzling.m; sourceTree = "<group>"; };
		B36731D5198F939A00E11C56 /* SalonDetailViewController.h */ = {isa = PBXFileReference; fileEncoding = 4; lastKnownFileType = sourcecode.c.h; path = SalonDetailViewController.h; sourceTree = "<group>"; };
		B36731D6198F939A00E11C56 /* SalonDetailViewController.m */ = {isa = PBXFileReference; fileEncoding = 4; lastKnownFileType = sourcecode.c.objc; path = SalonDetailViewController.m; sourceTree = "<group>"; };
		B36731E0198FB17800E11C56 /* picto-man-white.png */ = {isa = PBXFileReference; lastKnownFileType = image.png; path = "picto-man-white.png"; sourceTree = "<group>"; };
		B36731E1198FB17800E11C56 /* picto-woman-white.png */ = {isa = PBXFileReference; lastKnownFileType = image.png; path = "picto-woman-white.png"; sourceTree = "<group>"; };
		B36731E4198FD87600E11C56 /* picto-home-black.png */ = {isa = PBXFileReference; lastKnownFileType = image.png; path = "picto-home-black.png"; sourceTree = "<group>"; };
		B36731E8198FE0B000E11C56 /* half_selected_review.png */ = {isa = PBXFileReference; lastKnownFileType = image.png; path = half_selected_review.png; sourceTree = "<group>"; };
		B36731E9198FE0B000E11C56 /* selected_review.png */ = {isa = PBXFileReference; lastKnownFileType = image.png; path = selected_review.png; sourceTree = "<group>"; };
		B36731EA198FE0B000E11C56 /* not_selected_review.png */ = {isa = PBXFileReference; lastKnownFileType = image.png; path = not_selected_review.png; sourceTree = "<group>"; };
		B37F9A4A198F8F5E00881071 /* page-salon-bttn-bg.png */ = {isa = PBXFileReference; lastKnownFileType = image.png; path = "page-salon-bttn-bg.png"; sourceTree = "<group>"; };
		B37F9A4B198F8F5E00881071 /* picto-list-phone.png */ = {isa = PBXFileReference; lastKnownFileType = image.png; path = "picto-list-phone.png"; sourceTree = "<group>"; };
		B37F9A50198F910B00881071 /* picto-sales.png */ = {isa = PBXFileReference; lastKnownFileType = image.png; path = "picto-sales.png"; sourceTree = "<group>"; };
		B37F9A51198F910B00881071 /* picto-hairdresser.png */ = {isa = PBXFileReference; lastKnownFileType = image.png; path = "picto-hairdresser.png"; sourceTree = "<group>"; };
		B37F9A52198F910B00881071 /* picto-camera.png */ = {isa = PBXFileReference; lastKnownFileType = image.png; path = "picto-camera.png"; sourceTree = "<group>"; };
		B37F9A53198F910B00881071 /* picto-info.png */ = {isa = PBXFileReference; lastKnownFileType = image.png; path = "picto-info.png"; sourceTree = "<group>"; };
		B38A8D461993B8E300239BC1 /* map_pin.png */ = {isa = PBXFileReference; lastKnownFileType = image.png; path = map_pin.png; sourceTree = "<group>"; };
		B3923187198B9F8000E0817D /* line-separator.png */ = {isa = PBXFileReference; lastKnownFileType = image.png; path = "line-separator.png"; sourceTree = "<group>"; };
		B3A12813198A7F3A004D90BD /* custom-pin.png */ = {isa = PBXFileReference; lastKnownFileType = image.png; path = "custom-pin.png"; sourceTree = "<group>"; };
		B3A12818198A85D8004D90BD /* CustomPinView.h */ = {isa = PBXFileReference; fileEncoding = 4; lastKnownFileType = sourcecode.c.h; path = CustomPinView.h; sourceTree = "<group>"; };
		B3A12819198A85D8004D90BD /* CustomPinView.m */ = {isa = PBXFileReference; fileEncoding = 4; lastKnownFileType = sourcecode.c.objc; path = CustomPinView.m; sourceTree = "<group>"; };
		B3A1281B198A8609004D90BD /* CustomPinView.xib */ = {isa = PBXFileReference; fileEncoding = 4; lastKnownFileType = file.xib; path = CustomPinView.xib; sourceTree = "<group>"; };
		B3A12820198AA1B1004D90BD /* custom-map-pin.png */ = {isa = PBXFileReference; lastKnownFileType = image.png; name = "custom-map-pin.png"; path = "../custom-map-pin.png"; sourceTree = "<group>"; };
		B3AD59B4198B9A3700909ADE /* SalonTableViewCell.h */ = {isa = PBXFileReference; fileEncoding = 4; lastKnownFileType = sourcecode.c.h; path = SalonTableViewCell.h; sourceTree = "<group>"; };
		B3AD59B5198B9A3700909ADE /* SalonTableViewCell.m */ = {isa = PBXFileReference; fileEncoding = 4; lastKnownFileType = sourcecode.c.objc; path = SalonTableViewCell.m; sourceTree = "<group>"; };
		B3AD59B6198B9A3700909ADE /* SalonTableViewCell.xib */ = {isa = PBXFileReference; fileEncoding = 4; lastKnownFileType = file.xib; path = SalonTableViewCell.xib; sourceTree = "<group>"; };
		B3AD59BA198B9D3500909ADE /* picto-list-resume.png */ = {isa = PBXFileReference; lastKnownFileType = image.png; path = "picto-list-resume.png"; sourceTree = "<group>"; };
		B3AD59BB198B9D3500909ADE /* list-button-call.png */ = {isa = PBXFileReference; lastKnownFileType = image.png; path = "list-button-call.png"; sourceTree = "<group>"; };
		B3AD59BC198B9D3500909ADE /* picto-list-promo.png */ = {isa = PBXFileReference; lastKnownFileType = image.png; path = "picto-list-promo.png"; sourceTree = "<group>"; };
		B3AD59BD198B9D3500909ADE /* picto-list-man.png */ = {isa = PBXFileReference; lastKnownFileType = image.png; path = "picto-list-man.png"; sourceTree = "<group>"; };
		B3AD59BE198B9D3500909ADE /* picto-list-woman.png */ = {isa = PBXFileReference; lastKnownFileType = image.png; path = "picto-list-woman.png"; sourceTree = "<group>"; };
		B3BB481F199B983800F8CD5B /* arrow-nav.png */ = {isa = PBXFileReference; lastKnownFileType = image.png; path = "arrow-nav.png"; sourceTree = "<group>"; };
		B3BD869D198BCFE500BD8591 /* RatingView.h */ = {isa = PBXFileReference; fileEncoding = 4; lastKnownFileType = sourcecode.c.h; path = RatingView.h; sourceTree = "<group>"; };
		B3BD869E198BCFE500BD8591 /* RatingView.m */ = {isa = PBXFileReference; fileEncoding = 4; lastKnownFileType = sourcecode.c.objc; path = RatingView.m; sourceTree = "<group>"; };
		B3BD86A7198BD3DA00BD8591 /* half_selected_star.png */ = {isa = PBXFileReference; lastKnownFileType = image.png; path = half_selected_star.png; sourceTree = "<group>"; };
		B3BD86A8198BD3DA00BD8591 /* not_selected_star.png */ = {isa = PBXFileReference; lastKnownFileType = image.png; path = not_selected_star.png; sourceTree = "<group>"; };
		B3BD86A9198BD3DA00BD8591 /* selected_star.png */ = {isa = PBXFileReference; lastKnownFileType = image.png; path = selected_star.png; sourceTree = "<group>"; };
		B3BD86AD198BDDB700BD8591 /* statusLabelView.png */ = {isa = PBXFileReference; lastKnownFileType = image.png; path = statusLabelView.png; sourceTree = "<group>"; };
		B3BD86AF198BE0DF00BD8591 /* picto-list-nav.png */ = {isa = PBXFileReference; lastKnownFileType = image.png; path = "picto-list-nav.png"; sourceTree = "<group>"; };
		B3C45BCF199A4670000E6C8E /* switch-camera-button.png */ = {isa = PBXFileReference; lastKnownFileType = image.png; path = "switch-camera-button.png"; sourceTree = "<group>"; };
		B3C45BD0199A4670000E6C8E /* take-picture-button.png */ = {isa = PBXFileReference; lastKnownFileType = image.png; path = "take-picture-button.png"; sourceTree = "<group>"; };
		B3C45BD4199A4A1B000E6C8E /* CameraOverlayView.h */ = {isa = PBXFileReference; fileEncoding = 4; lastKnownFileType = sourcecode.c.h; path = CameraOverlayView.h; sourceTree = "<group>"; };
		B3C45BD5199A4A1B000E6C8E /* CameraOverlayView.m */ = {isa = PBXFileReference; fileEncoding = 4; lastKnownFileType = sourcecode.c.objc; path = CameraOverlayView.m; sourceTree = "<group>"; };
		B3CCE7761998B6CA00067DB9 /* HairfieDetailViewController.h */ = {isa = PBXFileReference; fileEncoding = 4; lastKnownFileType = sourcecode.c.h; path = HairfieDetailViewController.h; sourceTree = "<group>"; };
		B3CCE7771998B6CA00067DB9 /* HairfieDetailViewController.m */ = {isa = PBXFileReference; fileEncoding = 4; lastKnownFileType = sourcecode.c.objc; path = HairfieDetailViewController.m; sourceTree = "<group>"; };
		B3CCE7791998BB1B00067DB9 /* picto-hairfie-comment.png */ = {isa = PBXFileReference; lastKnownFileType = image.png; path = "picto-hairfie-comment.png"; sourceTree = "<group>"; };
		B3CCE77D1998BCA400067DB9 /* picto-hairfie-detail-like.png */ = {isa = PBXFileReference; lastKnownFileType = image.png; name = "picto-hairfie-detail-like.png"; path = "../picto-hairfie-detail-like.png"; sourceTree = "<group>"; };
		B3CCE77F1998BF7400067DB9 /* picto-hairfie-detail-price.png */ = {isa = PBXFileReference; lastKnownFileType = image.png; path = "picto-hairfie-detail-price.png"; sourceTree = "<group>"; };
		B3CCE7801998BF7400067DB9 /* picto-hairfie-detail-employee.png */ = {isa = PBXFileReference; lastKnownFileType = image.png; path = "picto-hairfie-detail-employee.png"; sourceTree = "<group>"; };
		B3CCE7851998BFBB00067DB9 /* picto-hairfie-detail-hairdresser.png */ = {isa = PBXFileReference; lastKnownFileType = image.png; path = "picto-hairfie-detail-hairdresser.png"; sourceTree = "<group>"; };
		B3CCE7871998CDAC00067DB9 /* HairfieDetailTableViewCell.h */ = {isa = PBXFileReference; fileEncoding = 4; lastKnownFileType = sourcecode.c.h; path = HairfieDetailTableViewCell.h; sourceTree = "<group>"; };
		B3CCE7881998CDAC00067DB9 /* HairfieDetailTableViewCell.m */ = {isa = PBXFileReference; fileEncoding = 4; lastKnownFileType = sourcecode.c.objc; path = HairfieDetailTableViewCell.m; sourceTree = "<group>"; };
		B3CCE7891998CDAC00067DB9 /* HairfieDetailTableViewCell.xib */ = {isa = PBXFileReference; fileEncoding = 4; lastKnownFileType = file.xib; path = HairfieDetailTableViewCell.xib; sourceTree = "<group>"; };
		B3CCE78C1998F4F600067DB9 /* CommentTableViewCell.h */ = {isa = PBXFileReference; fileEncoding = 4; lastKnownFileType = sourcecode.c.h; path = CommentTableViewCell.h; sourceTree = "<group>"; };
		B3CCE78D1998F4F600067DB9 /* CommentTableViewCell.m */ = {isa = PBXFileReference; fileEncoding = 4; lastKnownFileType = sourcecode.c.objc; path = CommentTableViewCell.m; sourceTree = "<group>"; };
		B3CCE78E1998F4F600067DB9 /* CommentTableViewCell.xib */ = {isa = PBXFileReference; fileEncoding = 4; lastKnownFileType = file.xib; path = CommentTableViewCell.xib; sourceTree = "<group>"; };
		B3CCE793199921C700067DB9 /* picto-menu-point.png */ = {isa = PBXFileReference; lastKnownFileType = image.png; path = "picto-menu-point.png"; sourceTree = "<group>"; };
		B3DD7A721990C8DD007B1621 /* picto-clock-black.png */ = {isa = PBXFileReference; lastKnownFileType = image.png; name = "picto-clock-black.png"; path = "../picto-clock-black.png"; sourceTree = "<group>"; };
		B3DD7A741990CA21007B1621 /* phone-label-bg.png */ = {isa = PBXFileReference; lastKnownFileType = image.png; path = "phone-label-bg.png"; sourceTree = "<group>"; };
		B3DD7A7B199110FF007B1621 /* test-contour.png */ = {isa = PBXFileReference; lastKnownFileType = image.png; path = "test-contour.png"; sourceTree = "<group>"; };
		B3DD7A7D19911245007B1621 /* ReviewTableViewCell.h */ = {isa = PBXFileReference; fileEncoding = 4; lastKnownFileType = sourcecode.c.h; path = ReviewTableViewCell.h; sourceTree = "<group>"; };
		B3DD7A7E19911245007B1621 /* ReviewTableViewCell.m */ = {isa = PBXFileReference; fileEncoding = 4; lastKnownFileType = sourcecode.c.objc; path = ReviewTableViewCell.m; sourceTree = "<group>"; };
		B3DD7A7F19911245007B1621 /* ReviewTableViewCell.xib */ = {isa = PBXFileReference; fileEncoding = 4; lastKnownFileType = file.xib; path = ReviewTableViewCell.xib; sourceTree = "<group>"; };
		B3DD7A821991288F007B1621 /* SimilarTableViewCell.h */ = {isa = PBXFileReference; fileEncoding = 4; lastKnownFileType = sourcecode.c.h; path = SimilarTableViewCell.h; sourceTree = "<group>"; };
		B3DD7A831991288F007B1621 /* SimilarTableViewCell.m */ = {isa = PBXFileReference; fileEncoding = 4; lastKnownFileType = sourcecode.c.objc; path = SimilarTableViewCell.m; sourceTree = "<group>"; };
		B3DD7A841991288F007B1621 /* SimilarTableViewCell.xib */ = {isa = PBXFileReference; fileEncoding = 4; lastKnownFileType = file.xib; path = SimilarTableViewCell.xib; sourceTree = "<group>"; };
		B3DD7A8719912A6C007B1621 /* picto-phone-white.png */ = {isa = PBXFileReference; lastKnownFileType = image.png; path = "picto-phone-white.png"; sourceTree = "<group>"; };
		B3E4B5971992530100CBBDC8 /* nav-disclosure.png */ = {isa = PBXFileReference; lastKnownFileType = image.png; path = "nav-disclosure.png"; sourceTree = "<group>"; };
		B3E65FA91986917800AF0C15 /* ECPercentDrivenInteractiveTransition.h */ = {isa = PBXFileReference; fileEncoding = 4; lastKnownFileType = sourcecode.c.h; path = ECPercentDrivenInteractiveTransition.h; sourceTree = "<group>"; };
		B3E65FAA1986917800AF0C15 /* ECPercentDrivenInteractiveTransition.m */ = {isa = PBXFileReference; fileEncoding = 4; lastKnownFileType = sourcecode.c.objc; path = ECPercentDrivenInteractiveTransition.m; sourceTree = "<group>"; };
		B3E65FAB1986917800AF0C15 /* ECSlidingAnimationController.h */ = {isa = PBXFileReference; fileEncoding = 4; lastKnownFileType = sourcecode.c.h; path = ECSlidingAnimationController.h; sourceTree = "<group>"; };
		B3E65FAC1986917800AF0C15 /* ECSlidingAnimationController.m */ = {isa = PBXFileReference; fileEncoding = 4; lastKnownFileType = sourcecode.c.objc; path = ECSlidingAnimationController.m; sourceTree = "<group>"; };
		B3E65FAD1986917800AF0C15 /* ECSlidingConstants.h */ = {isa = PBXFileReference; fileEncoding = 4; lastKnownFileType = sourcecode.c.h; path = ECSlidingConstants.h; sourceTree = "<group>"; };
		B3E65FAE1986917800AF0C15 /* ECSlidingInteractiveTransition.h */ = {isa = PBXFileReference; fileEncoding = 4; lastKnownFileType = sourcecode.c.h; path = ECSlidingInteractiveTransition.h; sourceTree = "<group>"; };
		B3E65FAF1986917800AF0C15 /* ECSlidingInteractiveTransition.m */ = {isa = PBXFileReference; fileEncoding = 4; lastKnownFileType = sourcecode.c.objc; path = ECSlidingInteractiveTransition.m; sourceTree = "<group>"; };
		B3E65FB01986917800AF0C15 /* ECSlidingSegue.h */ = {isa = PBXFileReference; fileEncoding = 4; lastKnownFileType = sourcecode.c.h; path = ECSlidingSegue.h; sourceTree = "<group>"; };
		B3E65FB11986917800AF0C15 /* ECSlidingSegue.m */ = {isa = PBXFileReference; fileEncoding = 4; lastKnownFileType = sourcecode.c.objc; path = ECSlidingSegue.m; sourceTree = "<group>"; };
		B3E65FB21986917800AF0C15 /* ECSlidingViewController.h */ = {isa = PBXFileReference; fileEncoding = 4; lastKnownFileType = sourcecode.c.h; path = ECSlidingViewController.h; sourceTree = "<group>"; };
		B3E65FB31986917800AF0C15 /* ECSlidingViewController.m */ = {isa = PBXFileReference; fileEncoding = 4; lastKnownFileType = sourcecode.c.objc; path = ECSlidingViewController.m; sourceTree = "<group>"; };
		B3E65FB41986917800AF0C15 /* UIViewController+ECSlidingViewController.h */ = {isa = PBXFileReference; fileEncoding = 4; lastKnownFileType = sourcecode.c.h; path = "UIViewController+ECSlidingViewController.h"; sourceTree = "<group>"; };
		B3E65FB51986917800AF0C15 /* UIViewController+ECSlidingViewController.m */ = {isa = PBXFileReference; fileEncoding = 4; lastKnownFileType = sourcecode.c.objc; path = "UIViewController+ECSlidingViewController.m"; sourceTree = "<group>"; };
		B3E65FD21986A32D00AF0C15 /* navigation-bg.jpg */ = {isa = PBXFileReference; lastKnownFileType = image.jpeg; path = "navigation-bg.jpg"; sourceTree = "<group>"; };
		B3E65FD41986A9E500AF0C15 /* selected-cell.jpg */ = {isa = PBXFileReference; lastKnownFileType = image.jpeg; path = "selected-cell.jpg"; sourceTree = "<group>"; };
		B3EBE752199BACFD0073B844 /* bg-book-no-info.png */ = {isa = PBXFileReference; lastKnownFileType = image.png; path = "bg-book-no-info.png"; sourceTree = "<group>"; };
		B3EBE753199BACFD0073B844 /* bg-book.png */ = {isa = PBXFileReference; lastKnownFileType = image.png; path = "bg-book.png"; sourceTree = "<group>"; };
		B3EDF87519878F6C00431B70 /* en */ = {isa = PBXFileReference; lastKnownFileType = text.plist.strings; name = en; path = en.lproj/Localizable.strings; sourceTree = "<group>"; };
		B3EDF885198792E800431B70 /* fr */ = {isa = PBXFileReference; lastKnownFileType = text.plist.strings; name = fr; path = fr.lproj/Localizable.strings; sourceTree = "<group>"; };
		B3EDF887198793B900431B70 /* Info.plist */ = {isa = PBXFileReference; fileEncoding = 4; lastKnownFileType = text.plist.xml; path = Info.plist; sourceTree = "<group>"; };
		B3EDF88B198794C900431B70 /* Base */ = {isa = PBXFileReference; lastKnownFileType = file.storyboard; name = Base; path = Base.lproj/Main.storyboard; sourceTree = "<group>"; };
		B3EDF89119879BEF00431B70 /* QuartzCore.framework */ = {isa = PBXFileReference; lastKnownFileType = wrapper.framework; name = QuartzCore.framework; path = System/Library/Frameworks/QuartzCore.framework; sourceTree = SDKROOT; };
		B3EDF8971987ABB900431B70 /* leosquare.jpg */ = {isa = PBXFileReference; lastKnownFileType = image.jpeg; path = leosquare.jpg; sourceTree = "<group>"; };
		B3EDF89C1987C57200431B70 /* menu-bttn.png */ = {isa = PBXFileReference; lastKnownFileType = image.png; path = "menu-bttn.png"; sourceTree = "<group>"; };
		B3F6622B1987D52A0041F298 /* OFL.txt */ = {isa = PBXFileReference; fileEncoding = 4; lastKnownFileType = text; path = OFL.txt; sourceTree = "<group>"; };
		B3F6622E1987D52A0041F298 /* SourceSansPro-Bold.ttf */ = {isa = PBXFileReference; lastKnownFileType = file; path = "SourceSansPro-Bold.ttf"; sourceTree = "<group>"; };
		B3F662321987D52A0041F298 /* SourceSansPro-Italic.ttf */ = {isa = PBXFileReference; lastKnownFileType = file; path = "SourceSansPro-Italic.ttf"; sourceTree = "<group>"; };
		B3F662331987D52A0041F298 /* SourceSansPro-Light.ttf */ = {isa = PBXFileReference; lastKnownFileType = file; path = "SourceSansPro-Light.ttf"; sourceTree = "<group>"; };
		B3F662351987D52A0041F298 /* SourceSansPro-Regular.ttf */ = {isa = PBXFileReference; lastKnownFileType = file; path = "SourceSansPro-Regular.ttf"; sourceTree = "<group>"; };
		B3F662361987D52A0041F298 /* SourceSansPro-Semibold.ttf */ = {isa = PBXFileReference; lastKnownFileType = file; path = "SourceSansPro-Semibold.ttf"; sourceTree = "<group>"; };
		B3F6624A1987E87E0041F298 /* MenuTableViewCell.h */ = {isa = PBXFileReference; fileEncoding = 4; lastKnownFileType = sourcecode.c.h; path = MenuTableViewCell.h; sourceTree = "<group>"; };
		B3F6624B1987E87E0041F298 /* MenuTableViewCell.m */ = {isa = PBXFileReference; fileEncoding = 4; lastKnownFileType = sourcecode.c.objc; path = MenuTableViewCell.m; sourceTree = "<group>"; };
		B3F6624C1987E87E0041F298 /* MenuTableViewCell.xib */ = {isa = PBXFileReference; fileEncoding = 4; lastKnownFileType = file.xib; path = MenuTableViewCell.xib; sourceTree = "<group>"; };
		DF845E18C45A4DEEB480539A /* libPods-HairfieAppTests.a */ = {isa = PBXFileReference; explicitFileType = archive.ar; includeInIndex = 0; path = "libPods-HairfieAppTests.a"; sourceTree = BUILT_PRODUCTS_DIR; };
/* End PBXFileReference section */

/* Begin PBXFrameworksBuildPhase section */
		151151881982B7A8001157A2 /* Frameworks */ = {
			isa = PBXFrameworksBuildPhase;
			buildActionMask = 2147483647;
			files = (
				15ED728C199B9C6400453A74 /* ImageIO.framework in Frameworks */,
				B342317719891AA40058866B /* MapKit.framework in Frameworks */,
				B3423175198907A80058866B /* CoreLocation.framework in Frameworks */,
				B3EDF89219879BEF00431B70 /* QuartzCore.framework in Frameworks */,
				B330B5C2198656F20059AE56 /* CoreGraphics.framework in Frameworks */,
				B330B5C0198656EB0059AE56 /* Foundation.framework in Frameworks */,
				B330B5BE198656DD0059AE56 /* UIKit.framework in Frameworks */,
				7D10889D4045404FAF307C78 /* libPods-HairfieApp.a in Frameworks */,
			);
			runOnlyForDeploymentPostprocessing = 0;
		};
		1511519E1982B7A8001157A2 /* Frameworks */ = {
			isa = PBXFrameworksBuildPhase;
			buildActionMask = 2147483647;
			files = (
				D6A51555FE764820B9579157 /* libPods-HairfieAppTests.a in Frameworks */,
			);
			runOnlyForDeploymentPostprocessing = 0;
		};
/* End PBXFrameworksBuildPhase section */

/* Begin PBXGroup section */
		151151821982B7A8001157A2 = {
			isa = PBXGroup;
			children = (
				B3423174198907A80058866B /* CoreLocation.framework */,
				B3EDF89119879BEF00431B70 /* QuartzCore.framework */,
				B330B5C1198656F20059AE56 /* CoreGraphics.framework */,
				B330B5BF198656EA0059AE56 /* Foundation.framework */,
				B330B5BD198656DD0059AE56 /* UIKit.framework */,
				B342317619891AA40058866B /* MapKit.framework */,
				1511518D1982B7A8001157A2 /* HairfieApp */,
				151151A41982B7A8001157A2 /* HairfieAppTests */,
				1511518C1982B7A8001157A2 /* Products */,
				2D7E837BAA644663900B5CBF /* Pods-HairfieApp.xcconfig */,
				38C395959A7A499C87409BBF /* Frameworks */,
				8C8B91109EA849F389B9B603 /* Pods-HairfieAppTests.xcconfig */,
			);
			sourceTree = "<group>";
		};
		1511518C1982B7A8001157A2 /* Products */ = {
			isa = PBXGroup;
			children = (
				1511518B1982B7A8001157A2 /* HairfieApp.app */,
				151151A11982B7A8001157A2 /* HairfieAppTests.xctest */,
			);
			name = Products;
			sourceTree = "<group>";
		};
		1511518D1982B7A8001157A2 /* HairfieApp */ = {
			isa = PBXGroup;
			children = (
				B3C45BD3199A49F0000E6C8E /* Camera Overlay View */,
				B3EDF88C198794C900431B70 /* Main.storyboard */,
				151151921982B7A8001157A2 /* AppDelegate.h */,
				151151931982B7A8001157A2 /* AppDelegate.m */,
				B3087010198782CF0080E6D2 /* Pages */,
				B342325519892BC80058866B /* Left Side Menu */,
				B3423219198924330058866B /* External Librairies */,
				1511518E1982B7A8001157A2 /* Supporting Files */,
				15E6AE751992635900A11947 /* OpeningTimes.swift */,
				B303B953199B9403008F6BAA /* Images.xcassets */,
			);
			path = HairfieApp;
			sourceTree = "<group>";
		};
		1511518E1982B7A8001157A2 /* Supporting Files */ = {
			isa = PBXGroup;
			children = (
				B3EBE752199BACFD0073B844 /* bg-book-no-info.png */,
				B3EBE753199BACFD0073B844 /* bg-book.png */,
				15697B2E199BAFD000DA83FE /* UIImage Subclasses */,
				B3BB481F199B983800F8CD5B /* arrow-nav.png */,
				B3C45BCF199A4670000E6C8E /* switch-camera-button.png */,
				B3C45BD0199A4670000E6C8E /* take-picture-button.png */,
				B3CCE793199921C700067DB9 /* picto-menu-point.png */,
				B342316B1988EFD20058866B /* aroundme-bttn.png */,
				B345BADA19950EDB007BB61A /* hairfie.jpg */,
				B318D6EA199279D100DC20EF /* photo-example.jpeg */,
				B3A12820198AA1B1004D90BD /* custom-map-pin.png */,
				B3A12813198A7F3A004D90BD /* custom-pin.png */,
				B38A8D461993B8E300239BC1 /* map_pin.png */,
				B3F6622A1987D52A0041F298 /* Source_Sans_Pro */,
				B3EDF8991987C43500431B70 /* Ressources */,
				B3EDF8971987ABB900431B70 /* leosquare.jpg */,
				B3EDF887198793B900431B70 /* Info.plist */,
				B3EDF87619878F6C00431B70 /* Localizable.strings */,
				B3E65FD41986A9E500AF0C15 /* selected-cell.jpg */,
				B330B5CA198681B20059AE56 /* menu-icon.png */,
				151151901982B7A8001157A2 /* main.m */,
				157D7715198FF309006C1947 /* Constants.h */,
				B330B5C619865B2E0059AE56 /* HairfiePrefixHeader.pch */,
			);
			name = "Supporting Files";
			sourceTree = "<group>";
		};
		151151A41982B7A8001157A2 /* HairfieAppTests */ = {
			isa = PBXGroup;
			children = (
				151151A71982B7A8001157A2 /* HairfieAppTests.m */,
				151151A51982B7A8001157A2 /* Supporting Files */,
			);
			path = HairfieAppTests;
			sourceTree = "<group>";
		};
		151151A51982B7A8001157A2 /* Supporting Files */ = {
			isa = PBXGroup;
			children = (
				151151A61982B7A8001157A2 /* Info.plist */,
			);
			name = "Supporting Files";
			sourceTree = "<group>";
		};
		15697B2E199BAFD000DA83FE /* UIImage Subclasses */ = {
			isa = PBXGroup;
			children = (
				15697B2F199BB01B00DA83FE /* UIImage+Resize.h */,
				15697B30199BB03800DA83FE /* UIImage+Resize.m */,
			);
			name = "UIImage Subclasses";
			sourceTree = "<group>";
		};
		38C395959A7A499C87409BBF /* Frameworks */ = {
			isa = PBXGroup;
			children = (
				15ED728B199B9C6400453A74 /* ImageIO.framework */,
				33C90A5A8A0E44DCA71D5A3A /* libPods-HairfieApp.a */,
				DF845E18C45A4DEEB480539A /* libPods-HairfieAppTests.a */,
			);
			name = Frameworks;
			sourceTree = "<group>";
		};
		B3087010198782CF0080E6D2 /* Pages */ = {
			isa = PBXGroup;
			children = (
				B36731D8198F93A500E11C56 /* Salon Detail */,
				B3923189198BA9C800E0817D /* Around Me Controller + Views */,
				B3A12817198A8577004D90BD /* MapKit Config */,
				B345BAD41995027A007BB61A /* Feed */,
				B3CCE7751998B6AB00067DB9 /* Hairfie Detail */,
				B308700A198782AF0080E6D2 /* FavoriteViewController.h */,
				B308700B198782AF0080E6D2 /* FavoriteViewController.m */,
				B308700D198782BC0080E6D2 /* LikeViewController.h */,
				B308700E198782BC0080E6D2 /* LikeViewController.m */,
				B308701519878C030080E6D2 /* SettingsViewController.h */,
				B308701619878C030080E6D2 /* SettingsViewController.m */,
				B34231651988ECF50058866B /* FriendViewController.h */,
				B34231661988ECF50058866B /* FriendViewController.m */,
				B34231681988ED070058866B /* BusinessViewController.h */,
				B34231691988ED070058866B /* BusinessViewController.m */,
				B3170E761989AC7E00F41EAD /* HairfieApp-Bridging-Header.h */,
			);
			name = Pages;
			sourceTree = "<group>";
		};
		B34231FC198924290058866B /* AFNetworking */ = {
			isa = PBXGroup;
			children = (
				B34231FD198924290058866B /* AFHTTPRequestOperation.h */,
				B34231FE198924290058866B /* AFHTTPRequestOperation.m */,
				B34231FF198924290058866B /* AFHTTPRequestOperationManager.h */,
				B3423200198924290058866B /* AFHTTPRequestOperationManager.m */,
				B3423201198924290058866B /* AFHTTPSessionManager.h */,
				B3423202198924290058866B /* AFHTTPSessionManager.m */,
				B3423203198924290058866B /* AFNetworking.h */,
				B3423204198924290058866B /* AFNetworkReachabilityManager.h */,
				B3423205198924290058866B /* AFNetworkReachabilityManager.m */,
				B3423206198924290058866B /* AFSecurityPolicy.h */,
				B3423207198924290058866B /* AFSecurityPolicy.m */,
				B3423208198924290058866B /* AFURLConnectionOperation.h */,
				B3423209198924290058866B /* AFURLConnectionOperation.m */,
				B342320A198924290058866B /* AFURLRequestSerialization.h */,
				B342320B198924290058866B /* AFURLRequestSerialization.m */,
				B342320C198924290058866B /* AFURLResponseSerialization.h */,
				B342320D198924290058866B /* AFURLResponseSerialization.m */,
				B342320E198924290058866B /* AFURLSessionManager.h */,
				B342320F198924290058866B /* AFURLSessionManager.m */,
			);
			name = AFNetworking;
			path = ../AFNetworking;
			sourceTree = "<group>";
		};
		B3423219198924330058866B /* External Librairies */ = {
			isa = PBXGroup;
			children = (
				B345BADE19951A7E007BB61A /* OLEContainerScrollView */,
				B3E65FA81986917800AF0C15 /* ECSlidingViewController */,
				B34231FC198924290058866B /* AFNetworking */,
			);
			name = "External Librairies";
			sourceTree = "<group>";
		};
		B342325519892BC80058866B /* Left Side Menu */ = {
			isa = PBXGroup;
			children = (
				B330B5BA198656450059AE56 /* MenuViewController.h */,
				B330B5BB198656450059AE56 /* MenuViewController.m */,
				B3F6624A1987E87E0041F298 /* MenuTableViewCell.h */,
				B3F6624B1987E87E0041F298 /* MenuTableViewCell.m */,
				B3F6624C1987E87E0041F298 /* MenuTableViewCell.xib */,
			);
			name = "Left Side Menu";
			sourceTree = "<group>";
		};
		B345BAD41995027A007BB61A /* Feed */ = {
			isa = PBXGroup;
			children = (
				B330B5C3198658970059AE56 /* HomeViewController.h */,
				B330B5C4198658970059AE56 /* HomeViewController.m */,
				B345BAD5199502A3007BB61A /* CustomCollectionViewCell.h */,
				B345BAD6199502A3007BB61A /* CustomCollectionViewCell.m */,
				B345BAD7199502A3007BB61A /* CustomCollectionViewCell.xib */,
			);
			name = Feed;
			sourceTree = "<group>";
		};
		B345BADE19951A7E007BB61A /* OLEContainerScrollView */ = {
			isa = PBXGroup;
			children = (
				B345BADF19951A7E007BB61A /* OLEContainerScrollView+Swizzling.h */,
				B345BAE019951A7E007BB61A /* OLEContainerScrollView+Swizzling.m */,
				B345BAE119951A7E007BB61A /* OLEContainerScrollView.h */,
				B345BAE219951A7E007BB61A /* OLEContainerScrollView.m */,
				B345BAE319951A7E007BB61A /* OLEContainerScrollView_Private.h */,
				B345BAE419951A7E007BB61A /* OLEContainerScrollViewContentView.h */,
				B345BAE519951A7E007BB61A /* OLEContainerScrollViewContentView.m */,
				B345BAE619951A7E007BB61A /* OLESwizzling.h */,
				B345BAE719951A7E007BB61A /* OLESwizzling.m */,
			);
			path = OLEContainerScrollView;
			sourceTree = "<group>";
		};
		B36731D8198F93A500E11C56 /* Salon Detail */ = {
			isa = PBXGroup;
			children = (
				B36731D5198F939A00E11C56 /* SalonDetailViewController.h */,
				B36731D6198F939A00E11C56 /* SalonDetailViewController.m */,
				B3DD7A821991288F007B1621 /* SimilarTableViewCell.h */,
				B3DD7A831991288F007B1621 /* SimilarTableViewCell.m */,
				B3DD7A841991288F007B1621 /* SimilarTableViewCell.xib */,
				B3DD7A7D19911245007B1621 /* ReviewTableViewCell.h */,
				B3DD7A7E19911245007B1621 /* ReviewTableViewCell.m */,
				B3DD7A7F19911245007B1621 /* ReviewTableViewCell.xib */,
			);
			name = "Salon Detail";
			sourceTree = "<group>";
		};
		B36731E6198FDFCF00E11C56 /* Pictos */ = {
			isa = PBXGroup;
			children = (
				B3DD7A8719912A6C007B1621 /* picto-phone-white.png */,
				B3DD7A721990C8DD007B1621 /* picto-clock-black.png */,
				B36731E4198FD87600E11C56 /* picto-home-black.png */,
				B36731E0198FB17800E11C56 /* picto-man-white.png */,
				B36731E1198FB17800E11C56 /* picto-woman-white.png */,
				B37F9A4A198F8F5E00881071 /* page-salon-bttn-bg.png */,
				B37F9A50198F910B00881071 /* picto-sales.png */,
				B37F9A51198F910B00881071 /* picto-hairdresser.png */,
				B37F9A52198F910B00881071 /* picto-camera.png */,
				B37F9A53198F910B00881071 /* picto-info.png */,
				B37F9A4B198F8F5E00881071 /* picto-list-phone.png */,
			);
			name = Pictos;
			sourceTree = "<group>";
		};
		B36731E7198FE0A300E11C56 /* review */ = {
			isa = PBXGroup;
			children = (
				B36731E8198FE0B000E11C56 /* half_selected_review.png */,
				B36731E9198FE0B000E11C56 /* selected_review.png */,
				B36731EA198FE0B000E11C56 /* not_selected_review.png */,
			);
			name = review;
			sourceTree = "<group>";
		};
		B37F9A49198F8F4B00881071 /* Salon Detail */ = {
			isa = PBXGroup;
			children = (
				B345BA971994D4C2007BB61A /* button-add-favorite.png */,
				B3E4B5971992530100CBBDC8 /* nav-disclosure.png */,
				B3DD7A7B199110FF007B1621 /* test-contour.png */,
				B3DD7A741990CA21007B1621 /* phone-label-bg.png */,
				B36731E7198FE0A300E11C56 /* review */,
				B36731E6198FDFCF00E11C56 /* Pictos */,
			);
			name = "Salon Detail";
			sourceTree = "<group>";
		};
		B3923189198BA9C800E0817D /* Around Me Controller + Views */ = {
			isa = PBXGroup;
			children = (
				B342316D1988F8D70058866B /* AroundMeViewController.h */,
				B342316E1988F8D70058866B /* AroundMeViewController.m */,
				B3BD869D198BCFE500BD8591 /* RatingView.h */,
				B3BD869E198BCFE500BD8591 /* RatingView.m */,
				B3AD59B4198B9A3700909ADE /* SalonTableViewCell.h */,
				B3AD59B5198B9A3700909ADE /* SalonTableViewCell.m */,
				B3AD59B6198B9A3700909ADE /* SalonTableViewCell.xib */,
			);
			name = "Around Me Controller + Views";
			sourceTree = "<group>";
		};
		B3A12817198A8577004D90BD /* MapKit Config */ = {
			isa = PBXGroup;
			children = (
				B342317819891EA40058866B /* MyAnnotation.h */,
				B342317919891EA40058866B /* MyAnnotation.m */,
				B3A12818198A85D8004D90BD /* CustomPinView.h */,
				B3A12819198A85D8004D90BD /* CustomPinView.m */,
				B3A1281B198A8609004D90BD /* CustomPinView.xib */,
			);
			name = "MapKit Config";
			sourceTree = "<group>";
		};
		B3AD59B9198B9D2600909ADE /* List  */ = {
			isa = PBXGroup;
			children = (
				B3923187198B9F8000E0817D /* line-separator.png */,
				B3AD59BA198B9D3500909ADE /* picto-list-resume.png */,
				B3AD59BB198B9D3500909ADE /* list-button-call.png */,
				B3AD59BC198B9D3500909ADE /* picto-list-promo.png */,
				B3BD86AF198BE0DF00BD8591 /* picto-list-nav.png */,
				B3AD59BD198B9D3500909ADE /* picto-list-man.png */,
				B3AD59BE198B9D3500909ADE /* picto-list-woman.png */,
			);
			name = "List ";
			sourceTree = "<group>";
		};
		B3BD86A0198BD13E00BD8591 /* star rating */ = {
			isa = PBXGroup;
			children = (
				B3BD86AD198BDDB700BD8591 /* statusLabelView.png */,
				B3BD86A7198BD3DA00BD8591 /* half_selected_star.png */,
				B3BD86A8198BD3DA00BD8591 /* not_selected_star.png */,
				B3BD86A9198BD3DA00BD8591 /* selected_star.png */,
			);
			name = "star rating";
			sourceTree = "<group>";
		};
		B3C45BD3199A49F0000E6C8E /* Camera Overlay View */ = {
			isa = PBXGroup;
			children = (
				B3C45BD4199A4A1B000E6C8E /* CameraOverlayView.h */,
				B3C45BD5199A4A1B000E6C8E /* CameraOverlayView.m */,
			);
			name = "Camera Overlay View";
			sourceTree = "<group>";
		};
		B3CCE7751998B6AB00067DB9 /* Hairfie Detail */ = {
			isa = PBXGroup;
			children = (
				B3CCE7761998B6CA00067DB9 /* HairfieDetailViewController.h */,
				B3CCE7771998B6CA00067DB9 /* HairfieDetailViewController.m */,
				B3CCE7871998CDAC00067DB9 /* HairfieDetailTableViewCell.h */,
				B3CCE7881998CDAC00067DB9 /* HairfieDetailTableViewCell.m */,
				B3CCE7891998CDAC00067DB9 /* HairfieDetailTableViewCell.xib */,
				B3CCE78C1998F4F600067DB9 /* CommentTableViewCell.h */,
				B3CCE78D1998F4F600067DB9 /* CommentTableViewCell.m */,
				B3CCE78E1998F4F600067DB9 /* CommentTableViewCell.xib */,
				B337B6F319A22B11003B0EA5 /* HairfieDetailCollectionReusableView.h */,
				B337B6F419A22B11003B0EA5 /* HairfieDetailCollectionReusableView.m */,
			);
			name = "Hairfie Detail";
			sourceTree = "<group>";
		};
		B3E65FA81986917800AF0C15 /* ECSlidingViewController */ = {
			isa = PBXGroup;
			children = (
				B3E65FA91986917800AF0C15 /* ECPercentDrivenInteractiveTransition.h */,
				B3E65FAA1986917800AF0C15 /* ECPercentDrivenInteractiveTransition.m */,
				B3E65FAB1986917800AF0C15 /* ECSlidingAnimationController.h */,
				B3E65FAC1986917800AF0C15 /* ECSlidingAnimationController.m */,
				B3E65FAD1986917800AF0C15 /* ECSlidingConstants.h */,
				B3E65FAE1986917800AF0C15 /* ECSlidingInteractiveTransition.h */,
				B3E65FAF1986917800AF0C15 /* ECSlidingInteractiveTransition.m */,
				B3E65FB01986917800AF0C15 /* ECSlidingSegue.h */,
				B3E65FB11986917800AF0C15 /* ECSlidingSegue.m */,
				B3E65FB21986917800AF0C15 /* ECSlidingViewController.h */,
				B3E65FB31986917800AF0C15 /* ECSlidingViewController.m */,
				B3E65FB41986917800AF0C15 /* UIViewController+ECSlidingViewController.h */,
				B3E65FB51986917800AF0C15 /* UIViewController+ECSlidingViewController.m */,
			);
			name = ECSlidingViewController;
			path = ../ECSlidingViewController;
			sourceTree = "<group>";
		};
		B3EDF8991987C43500431B70 /* Ressources */ = {
			isa = PBXGroup;
			children = (
				B37F9A49198F8F4B00881071 /* Salon Detail */,
				B3BD86A0198BD13E00BD8591 /* star rating */,
				B3AD59B9198B9D2600909ADE /* List  */,
				B3F662471987E4670041F298 /* Menu */,
				B3EDF89A1987C44500431B70 /* Feed + detail hairfie */,
			);
			name = Ressources;
			sourceTree = "<group>";
		};
		B3EDF89A1987C44500431B70 /* Feed + detail hairfie */ = {
			isa = PBXGroup;
			children = (
				B3CCE7851998BFBB00067DB9 /* picto-hairfie-detail-hairdresser.png */,
				B3CCE77F1998BF7400067DB9 /* picto-hairfie-detail-price.png */,
				B3CCE7801998BF7400067DB9 /* picto-hairfie-detail-employee.png */,
				B3CCE77D1998BCA400067DB9 /* picto-hairfie-detail-like.png */,
				B3CCE7791998BB1B00067DB9 /* picto-hairfie-comment.png */,
				B345BADC19951707007BB61A /* picto-hairfie-like.png */,
				B345BAD01994FB01007BB61A /* search-bar.png */,
				B345BACE1994F9FA007BB61A /* picto-take-picture.png */,
				B3EDF89C1987C57200431B70 /* menu-bttn.png */,
				B345BAD21994FD06007BB61A /* around-me-bttn.png */,
			);
			name = "Feed + detail hairfie";
			sourceTree = "<group>";
		};
		B3F6622A1987D52A0041F298 /* Source_Sans_Pro */ = {
			isa = PBXGroup;
			children = (
				B3F6622B1987D52A0041F298 /* OFL.txt */,
				B3F6622E1987D52A0041F298 /* SourceSansPro-Bold.ttf */,
				B3F662321987D52A0041F298 /* SourceSansPro-Italic.ttf */,
				B3F662331987D52A0041F298 /* SourceSansPro-Light.ttf */,
				B3F662351987D52A0041F298 /* SourceSansPro-Regular.ttf */,
				B3F662361987D52A0041F298 /* SourceSansPro-Semibold.ttf */,
				B34231631988E60D0058866B /* SourceSansPro-ExtraLightItalic.ttf */,
			);
			path = Source_Sans_Pro;
			sourceTree = "<group>";
		};
		B3F662471987E4670041F298 /* Menu */ = {
			isa = PBXGroup;
			children = (
				B34231571988E1DC0058866B /* settings-picto.png */,
				B34231581988E1DC0058866B /* business-picto.png */,
				B34231591988E1DC0058866B /* friends-picto.png */,
				B342315A1988E1DC0058866B /* likes-picto.png */,
				B342315B1988E1DC0058866B /* favorites-picto.png */,
				B342315C1988E1DC0058866B /* home-picto.png */,
				B3E65FD21986A32D00AF0C15 /* navigation-bg.jpg */,
			);
			name = Menu;
			sourceTree = "<group>";
		};
/* End PBXGroup section */

/* Begin PBXNativeTarget section */
		1511518A1982B7A8001157A2 /* HairfieApp */ = {
			isa = PBXNativeTarget;
			buildConfigurationList = 151151AB1982B7A8001157A2 /* Build configuration list for PBXNativeTarget "HairfieApp" */;
			buildPhases = (
				41C88EB5086945C3A74C9E29 /* Check Pods Manifest.lock */,
				151151871982B7A8001157A2 /* Sources */,
				151151881982B7A8001157A2 /* Frameworks */,
				151151891982B7A8001157A2 /* Resources */,
				49016DB8DD454A6A99DFD61A /* Copy Pods Resources */,
			);
			buildRules = (
			);
			dependencies = (
			);
			name = HairfieApp;
			productName = HairfieApp;
			productReference = 1511518B1982B7A8001157A2 /* HairfieApp.app */;
			productType = "com.apple.product-type.application";
		};
		151151A01982B7A8001157A2 /* HairfieAppTests */ = {
			isa = PBXNativeTarget;
			buildConfigurationList = 151151AE1982B7A8001157A2 /* Build configuration list for PBXNativeTarget "HairfieAppTests" */;
			buildPhases = (
				28D104E3F89D4637BE11C160 /* Check Pods Manifest.lock */,
				1511519D1982B7A8001157A2 /* Sources */,
				1511519E1982B7A8001157A2 /* Frameworks */,
				1511519F1982B7A8001157A2 /* Resources */,
				02C5C422DD1F44D7A7C8F66F /* Copy Pods Resources */,
			);
			buildRules = (
			);
			dependencies = (
				151151A31982B7A8001157A2 /* PBXTargetDependency */,
			);
			name = HairfieAppTests;
			productName = HairfieAppTests;
			productReference = 151151A11982B7A8001157A2 /* HairfieAppTests.xctest */;
			productType = "com.apple.product-type.bundle.unit-test";
		};
/* End PBXNativeTarget section */

/* Begin PBXProject section */
		151151831982B7A8001157A2 /* Project object */ = {
			isa = PBXProject;
			attributes = {
				LastUpgradeCheck = 0600;
				ORGANIZATIONNAME = Hairfie;
				TargetAttributes = {
					1511518A1982B7A8001157A2 = {
						CreatedOnToolsVersion = 6.0;
						DevelopmentTeam = 2G458HV7Z3;
						SystemCapabilities = {
							com.apple.BackgroundModes = {
								enabled = 0;
							};
							com.apple.Maps.iOS = {
								enabled = 1;
							};
						};
					};
					151151A01982B7A8001157A2 = {
						CreatedOnToolsVersion = 6.0;
						TestTargetID = 1511518A1982B7A8001157A2;
					};
				};
			};
			buildConfigurationList = 151151861982B7A8001157A2 /* Build configuration list for PBXProject "HairfieApp" */;
			compatibilityVersion = "Xcode 3.2";
			developmentRegion = English;
			hasScannedForEncodings = 0;
			knownRegions = (
				en,
				Base,
				fr,
			);
			mainGroup = 151151821982B7A8001157A2;
			productRefGroup = 1511518C1982B7A8001157A2 /* Products */;
			projectDirPath = "";
			projectRoot = "";
			targets = (
				1511518A1982B7A8001157A2 /* HairfieApp */,
				151151A01982B7A8001157A2 /* HairfieAppTests */,
			);
		};
/* End PBXProject section */

/* Begin PBXResourcesBuildPhase section */
		151151891982B7A8001157A2 /* Resources */ = {
			isa = PBXResourcesBuildPhase;
			buildActionMask = 2147483647;
			files = (
				B345BACF1994F9FA007BB61A /* picto-take-picture.png in Resources */,
				B3DD7A731990C8DD007B1621 /* picto-clock-black.png in Resources */,
				B3EDF87419878F6C00431B70 /* Localizable.strings in Resources */,
				B3CCE7901998F4F600067DB9 /* CommentTableViewCell.xib in Resources */,
				B34231611988E1DC0058866B /* favorites-picto.png in Resources */,
				B342315E1988E1DC0058866B /* business-picto.png in Resources */,
				B3DD7A8819912A6C007B1621 /* picto-phone-white.png in Resources */,
				B3BB4820199B983800F8CD5B /* arrow-nav.png in Resources */,
				B3EBE754199BACFD0073B844 /* bg-book-no-info.png in Resources */,
				B36731EB198FE0B000E11C56 /* half_selected_review.png in Resources */,
				B3CCE7821998BF7400067DB9 /* picto-hairfie-detail-price.png in Resources */,
				B3DD7A861991288F007B1621 /* SimilarTableViewCell.xib in Resources */,
				B34231621988E1DC0058866B /* home-picto.png in Resources */,
				B3AD59C2198B9D3500909ADE /* picto-list-man.png in Resources */,
				B3F662381987D52A0041F298 /* OFL.txt in Resources */,
				B37F9A54198F910B00881071 /* picto-sales.png in Resources */,
				B3CCE77A1998BB1B00067DB9 /* picto-hairfie-comment.png in Resources */,
				B3EDF8981987ABB900431B70 /* leosquare.jpg in Resources */,
				B330B5CB198681B20059AE56 /* menu-icon.png in Resources */,
				B36731E2198FB17800E11C56 /* picto-man-white.png in Resources */,
				B318D6EB199279D100DC20EF /* photo-example.jpeg in Resources */,
				B34231601988E1DC0058866B /* likes-picto.png in Resources */,
				B37F9A56198F910B00881071 /* picto-camera.png in Resources */,
				B3CCE78B1998CDAC00067DB9 /* HairfieDetailTableViewCell.xib in Resources */,
				B3CCE7861998BFBB00067DB9 /* picto-hairfie-detail-hairdresser.png in Resources */,
				B37F9A55198F910B00881071 /* picto-hairdresser.png in Resources */,
				B3DD7A751990CA21007B1621 /* phone-label-bg.png in Resources */,
				B3BD86AB198BD3DA00BD8591 /* not_selected_star.png in Resources */,
				B3AD59C1198B9D3500909ADE /* picto-list-promo.png in Resources */,
				B3F6623B1987D52A0041F298 /* SourceSansPro-Bold.ttf in Resources */,
				B36731ED198FE0B000E11C56 /* not_selected_review.png in Resources */,
				B3DD7A8119911245007B1621 /* ReviewTableViewCell.xib in Resources */,
				B36731EC198FE0B000E11C56 /* selected_review.png in Resources */,
				B345BADD19951707007BB61A /* picto-hairfie-like.png in Resources */,
				B3E65FD51986A9E500AF0C15 /* selected-cell.jpg in Resources */,
				B3A12821198AA1B1004D90BD /* custom-map-pin.png in Resources */,
				B3AD59B8198B9A3700909ADE /* SalonTableViewCell.xib in Resources */,
				B345BAD11994FB01007BB61A /* search-bar.png in Resources */,
				B36731E3198FB17800E11C56 /* picto-woman-white.png in Resources */,
				B3F662401987D52A0041F298 /* SourceSansPro-Light.ttf in Resources */,
				B345BAD9199502A3007BB61A /* CustomCollectionViewCell.xib in Resources */,
				B3C45BD2199A4670000E6C8E /* take-picture-button.png in Resources */,
				B3AD59BF198B9D3500909ADE /* picto-list-resume.png in Resources */,
				B3CCE794199921C700067DB9 /* picto-menu-point.png in Resources */,
				B3BD86AC198BD3DA00BD8591 /* selected_star.png in Resources */,
				B3F6623F1987D52A0041F298 /* SourceSansPro-Italic.ttf in Resources */,
				B3AD59C0198B9D3500909ADE /* list-button-call.png in Resources */,
				B342315F1988E1DC0058866B /* friends-picto.png in Resources */,
				B3EBE755199BACFD0073B844 /* bg-book.png in Resources */,
				B3A12814198A7F3A004D90BD /* custom-pin.png in Resources */,
				B3CCE7831998BF7400067DB9 /* picto-hairfie-detail-employee.png in Resources */,
				B345BADB19950EDB007BB61A /* hairfie.jpg in Resources */,
				B3BD86B0198BE0DF00BD8591 /* picto-list-nav.png in Resources */,
				B3DD7A7C199110FF007B1621 /* test-contour.png in Resources */,
				B3A1281C198A8609004D90BD /* CustomPinView.xib in Resources */,
				B38A8D471993B8E300239BC1 /* map_pin.png in Resources */,
				B3AD59C3198B9D3500909ADE /* picto-list-woman.png in Resources */,
				B37F9A57198F910B00881071 /* picto-info.png in Resources */,
				B37F9A4D198F8F5E00881071 /* page-salon-bttn-bg.png in Resources */,
				B3EDF89E1987C57200431B70 /* menu-bttn.png in Resources */,
				B3E4B5981992530100CBBDC8 /* nav-disclosure.png in Resources */,
				B3F662431987D52A0041F298 /* SourceSansPro-Semibold.ttf in Resources */,
				B3EDF88A198794C900431B70 /* Main.storyboard in Resources */,
				B345BAD31994FD06007BB61A /* around-me-bttn.png in Resources */,
				B3CCE77E1998BCA400067DB9 /* picto-hairfie-detail-like.png in Resources */,
				B342315D1988E1DC0058866B /* settings-picto.png in Resources */,
				B37F9A4E198F8F5E00881071 /* picto-list-phone.png in Resources */,
				B3C45BD1199A4670000E6C8E /* switch-camera-button.png in Resources */,
				B36731E5198FD87600E11C56 /* picto-home-black.png in Resources */,
				B303B954199B9403008F6BAA /* Images.xcassets in Resources */,
				B3F662421987D52A0041F298 /* SourceSansPro-Regular.ttf in Resources */,
				B3BD86AA198BD3DA00BD8591 /* half_selected_star.png in Resources */,
				B3BD86AE198BDDB700BD8591 /* statusLabelView.png in Resources */,
				B34231641988E60D0058866B /* SourceSansPro-ExtraLightItalic.ttf in Resources */,
				B342316C1988EFD20058866B /* aroundme-bttn.png in Resources */,
				B3923188198B9F8000E0817D /* line-separator.png in Resources */,
				B3E65FD31986A32D00AF0C15 /* navigation-bg.jpg in Resources */,
				B3F6624E1987E87E0041F298 /* MenuTableViewCell.xib in Resources */,
				B345BA981994D4C2007BB61A /* button-add-favorite.png in Resources */,
			);
			runOnlyForDeploymentPostprocessing = 0;
		};
		1511519F1982B7A8001157A2 /* Resources */ = {
			isa = PBXResourcesBuildPhase;
			buildActionMask = 2147483647;
			files = (
			);
			runOnlyForDeploymentPostprocessing = 0;
		};
/* End PBXResourcesBuildPhase section */

/* Begin PBXShellScriptBuildPhase section */
		02C5C422DD1F44D7A7C8F66F /* Copy Pods Resources */ = {
			isa = PBXShellScriptBuildPhase;
			buildActionMask = 2147483647;
			files = (
			);
			inputPaths = (
			);
			name = "Copy Pods Resources";
			outputPaths = (
			);
			runOnlyForDeploymentPostprocessing = 0;
			shellPath = /bin/sh;
			shellScript = "\"${SRCROOT}/Pods/Pods-HairfieAppTests-resources.sh\"\n";
			showEnvVarsInLog = 0;
		};
		28D104E3F89D4637BE11C160 /* Check Pods Manifest.lock */ = {
			isa = PBXShellScriptBuildPhase;
			buildActionMask = 2147483647;
			files = (
			);
			inputPaths = (
			);
			name = "Check Pods Manifest.lock";
			outputPaths = (
			);
			runOnlyForDeploymentPostprocessing = 0;
			shellPath = /bin/sh;
			shellScript = "diff \"${PODS_ROOT}/../Podfile.lock\" \"${PODS_ROOT}/Manifest.lock\" > /dev/null\nif [[ $? != 0 ]] ; then\n    cat << EOM\nerror: The sandbox is not in sync with the Podfile.lock. Run 'pod install' or update your CocoaPods installation.\nEOM\n    exit 1\nfi\n";
			showEnvVarsInLog = 0;
		};
		41C88EB5086945C3A74C9E29 /* Check Pods Manifest.lock */ = {
			isa = PBXShellScriptBuildPhase;
			buildActionMask = 2147483647;
			files = (
			);
			inputPaths = (
			);
			name = "Check Pods Manifest.lock";
			outputPaths = (
			);
			runOnlyForDeploymentPostprocessing = 0;
			shellPath = /bin/sh;
			shellScript = "diff \"${PODS_ROOT}/../Podfile.lock\" \"${PODS_ROOT}/Manifest.lock\" > /dev/null\nif [[ $? != 0 ]] ; then\n    cat << EOM\nerror: The sandbox is not in sync with the Podfile.lock. Run 'pod install' or update your CocoaPods installation.\nEOM\n    exit 1\nfi\n";
			showEnvVarsInLog = 0;
		};
		49016DB8DD454A6A99DFD61A /* Copy Pods Resources */ = {
			isa = PBXShellScriptBuildPhase;
			buildActionMask = 2147483647;
			files = (
			);
			inputPaths = (
			);
			name = "Copy Pods Resources";
			outputPaths = (
			);
			runOnlyForDeploymentPostprocessing = 0;
			shellPath = /bin/sh;
			shellScript = "\"${SRCROOT}/Pods/Pods-HairfieApp-resources.sh\"\n";
			showEnvVarsInLog = 0;
		};
/* End PBXShellScriptBuildPhase section */

/* Begin PBXSourcesBuildPhase section */
		151151871982B7A8001157A2 /* Sources */ = {
			isa = PBXSourcesBuildPhase;
			buildActionMask = 2147483647;
			files = (
				B308700F198782BC0080E6D2 /* LikeViewController.m in Sources */,
				B3E65FBA1986917800AF0C15 /* ECSlidingViewController.m in Sources */,
				B3C45BD6199A4A1B000E6C8E /* CameraOverlayView.m in Sources */,
				B3CCE78A1998CDAC00067DB9 /* HairfieDetailTableViewCell.m in Sources */,
				B345BAE819951A7E007BB61A /* OLEContainerScrollView+Swizzling.m in Sources */,
				B345BAEB19951A7E007BB61A /* OLESwizzling.m in Sources */,
				B36731D7198F939A00E11C56 /* SalonDetailViewController.m in Sources */,
				B3423214198924290058866B /* AFSecurityPolicy.m in Sources */,
				B345BAD8199502A3007BB61A /* CustomCollectionViewCell.m in Sources */,
				B3BD869F198BCFE500BD8591 /* RatingView.m in Sources */,
				B3423211198924290058866B /* AFHTTPRequestOperationManager.m in Sources */,
				B3423210198924290058866B /* AFHTTPRequestOperation.m in Sources */,
				B3CCE7781998B6CA00067DB9 /* HairfieDetailViewController.m in Sources */,
				151151941982B7A8001157A2 /* AppDelegate.m in Sources */,
				B3AD59B7198B9A3700909ADE /* SalonTableViewCell.m in Sources */,
				B342316F1988F8D70058866B /* AroundMeViewController.m in Sources */,
				B3E65FB91986917800AF0C15 /* ECSlidingSegue.m in Sources */,
				151151911982B7A8001157A2 /* main.m in Sources */,
				B330B5BC198656450059AE56 /* MenuViewController.m in Sources */,
				B345BAE919951A7E007BB61A /* OLEContainerScrollView.m in Sources */,
				B308700C198782AF0080E6D2 /* FavoriteViewController.m in Sources */,
				B3E65FB81986917800AF0C15 /* ECSlidingInteractiveTransition.m in Sources */,
				B3E65FB71986917800AF0C15 /* ECSlidingAnimationController.m in Sources */,
				B3423212198924290058866B /* AFHTTPSessionManager.m in Sources */,
				B330B5C5198658970059AE56 /* HomeViewController.m in Sources */,
				B3F6624D1987E87E0041F298 /* MenuTableViewCell.m in Sources */,
				B337B6F619A22B11003B0EA5 /* HairfieDetailCollectionReusableView.m in Sources */,
				B3423215198924290058866B /* AFURLConnectionOperation.m in Sources */,
				B3423216198924290058866B /* AFURLRequestSerialization.m in Sources */,
				B3423218198924290058866B /* AFURLSessionManager.m in Sources */,
				B3DD7A851991288F007B1621 /* SimilarTableViewCell.m in Sources */,
				15E6AE761992635900A11947 /* OpeningTimes.swift in Sources */,
				B3423217198924290058866B /* AFURLResponseSerialization.m in Sources */,
				B3CCE78F1998F4F600067DB9 /* CommentTableViewCell.m in Sources */,
				B3DD7A8019911245007B1621 /* ReviewTableViewCell.m in Sources */,
				B342317A19891EA40058866B /* MyAnnotation.m in Sources */,
				B3E65FB61986917800AF0C15 /* ECPercentDrivenInteractiveTransition.m in Sources */,
				B3E65FBB1986917800AF0C15 /* UIViewController+ECSlidingViewController.m in Sources */,
				B34231671988ECF50058866B /* FriendViewController.m in Sources */,
				B345BAEA19951A7E007BB61A /* OLEContainerScrollViewContentView.m in Sources */,
				B342316A1988ED070058866B /* BusinessViewController.m in Sources */,
				B3423213198924290058866B /* AFNetworkReachabilityManager.m in Sources */,
				15697B31199BB03800DA83FE /* UIImage+Resize.m in Sources */,
				B308701719878C030080E6D2 /* SettingsViewController.m in Sources */,
				B3A1281A198A85D8004D90BD /* CustomPinView.m in Sources */,
			);
			runOnlyForDeploymentPostprocessing = 0;
		};
		1511519D1982B7A8001157A2 /* Sources */ = {
			isa = PBXSourcesBuildPhase;
			buildActionMask = 2147483647;
			files = (
				151151A81982B7A8001157A2 /* HairfieAppTests.m in Sources */,
			);
			runOnlyForDeploymentPostprocessing = 0;
		};
/* End PBXSourcesBuildPhase section */

/* Begin PBXTargetDependency section */
		151151A31982B7A8001157A2 /* PBXTargetDependency */ = {
			isa = PBXTargetDependency;
			target = 1511518A1982B7A8001157A2 /* HairfieApp */;
			targetProxy = 151151A21982B7A8001157A2 /* PBXContainerItemProxy */;
		};
/* End PBXTargetDependency section */

/* Begin PBXVariantGroup section */
		B3EDF87619878F6C00431B70 /* Localizable.strings */ = {
			isa = PBXVariantGroup;
			children = (
				B3EDF87519878F6C00431B70 /* en */,
				B3EDF885198792E800431B70 /* fr */,
			);
			name = Localizable.strings;
			sourceTree = "<group>";
		};
		B3EDF88C198794C900431B70 /* Main.storyboard */ = {
			isa = PBXVariantGroup;
			children = (
				B3EDF88B198794C900431B70 /* Base */,
				158431C3198A72FB001621B4 /* fr */,
			);
			name = Main.storyboard;
			sourceTree = "<group>";
		};
/* End PBXVariantGroup section */

/* Begin XCBuildConfiguration section */
		151151A91982B7A8001157A2 /* Debug */ = {
			isa = XCBuildConfiguration;
			buildSettings = {
				ALWAYS_SEARCH_USER_PATHS = NO;
				CLANG_CXX_LANGUAGE_STANDARD = "gnu++0x";
				CLANG_CXX_LIBRARY = "libc++";
				CLANG_ENABLE_MODULES = YES;
				CLANG_ENABLE_OBJC_ARC = YES;
				CLANG_WARN_BOOL_CONVERSION = YES;
				CLANG_WARN_CONSTANT_CONVERSION = YES;
				CLANG_WARN_DIRECT_OBJC_ISA_USAGE = YES_ERROR;
				CLANG_WARN_EMPTY_BODY = YES;
				CLANG_WARN_ENUM_CONVERSION = YES;
				CLANG_WARN_INT_CONVERSION = YES;
				CLANG_WARN_OBJC_ROOT_CLASS = YES_ERROR;
				CLANG_WARN_UNREACHABLE_CODE = YES;
				CLANG_WARN__DUPLICATE_METHOD_MATCH = YES;
				"CODE_SIGN_IDENTITY[sdk=iphoneos*]" = "iPhone Developer";
				COPY_PHASE_STRIP = NO;
				ENABLE_STRICT_OBJC_MSGSEND = YES;
				GCC_C_LANGUAGE_STANDARD = gnu99;
				GCC_DYNAMIC_NO_PIC = NO;
				GCC_OPTIMIZATION_LEVEL = 0;
				GCC_PRECOMPILE_PREFIX_HEADER = NO;
				GCC_PREPROCESSOR_DEFINITIONS = (
					"DEBUG=1",
					"$(inherited)",
				);
				GCC_SYMBOLS_PRIVATE_EXTERN = NO;
				GCC_WARN_64_TO_32_BIT_CONVERSION = YES;
				GCC_WARN_ABOUT_RETURN_TYPE = YES_ERROR;
				GCC_WARN_UNDECLARED_SELECTOR = YES;
				GCC_WARN_UNINITIALIZED_AUTOS = YES_AGGRESSIVE;
				GCC_WARN_UNUSED_FUNCTION = YES;
				GCC_WARN_UNUSED_VARIABLE = YES;
				IPHONEOS_DEPLOYMENT_TARGET = 7.1;
				MTL_ENABLE_DEBUG_INFO = YES;
				ONLY_ACTIVE_ARCH = YES;
				SDKROOT = iphoneos;
			};
			name = Debug;
		};
		151151AA1982B7A8001157A2 /* Release */ = {
			isa = XCBuildConfiguration;
			buildSettings = {
				ALWAYS_SEARCH_USER_PATHS = NO;
				CLANG_CXX_LANGUAGE_STANDARD = "gnu++0x";
				CLANG_CXX_LIBRARY = "libc++";
				CLANG_ENABLE_MODULES = YES;
				CLANG_ENABLE_OBJC_ARC = YES;
				CLANG_WARN_BOOL_CONVERSION = YES;
				CLANG_WARN_CONSTANT_CONVERSION = YES;
				CLANG_WARN_DIRECT_OBJC_ISA_USAGE = YES_ERROR;
				CLANG_WARN_EMPTY_BODY = YES;
				CLANG_WARN_ENUM_CONVERSION = YES;
				CLANG_WARN_INT_CONVERSION = YES;
				CLANG_WARN_OBJC_ROOT_CLASS = YES_ERROR;
				CLANG_WARN_UNREACHABLE_CODE = YES;
				CLANG_WARN__DUPLICATE_METHOD_MATCH = YES;
				"CODE_SIGN_IDENTITY[sdk=iphoneos*]" = "iPhone Developer";
				COPY_PHASE_STRIP = YES;
				ENABLE_NS_ASSERTIONS = NO;
				ENABLE_STRICT_OBJC_MSGSEND = YES;
				GCC_C_LANGUAGE_STANDARD = gnu99;
				GCC_PRECOMPILE_PREFIX_HEADER = NO;
				GCC_WARN_64_TO_32_BIT_CONVERSION = YES;
				GCC_WARN_ABOUT_RETURN_TYPE = YES_ERROR;
				GCC_WARN_UNDECLARED_SELECTOR = YES;
				GCC_WARN_UNINITIALIZED_AUTOS = YES_AGGRESSIVE;
				GCC_WARN_UNUSED_FUNCTION = YES;
				GCC_WARN_UNUSED_VARIABLE = YES;
				IPHONEOS_DEPLOYMENT_TARGET = 7.1;
				MTL_ENABLE_DEBUG_INFO = NO;
				SDKROOT = iphoneos;
				VALIDATE_PRODUCT = YES;
			};
			name = Release;
		};
		151151AC1982B7A8001157A2 /* Debug */ = {
			isa = XCBuildConfiguration;
			baseConfigurationReference = 2D7E837BAA644663900B5CBF /* Pods-HairfieApp.xcconfig */;
			buildSettings = {
				ASSETCATALOG_COMPILER_APPICON_NAME = AppIcon;
				ASSETCATALOG_COMPILER_LAUNCHIMAGE_NAME = LaunchImage;
				CLANG_ENABLE_MODULES = YES;
				CODE_SIGN_IDENTITY = "iPhone Developer";
				"CODE_SIGN_IDENTITY[sdk=iphoneos*]" = "iPhone Developer";
				GCC_PRECOMPILE_PREFIX_HEADER = YES;
				GCC_PREFIX_HEADER = HairfieApp/HairfiePrefixHeader.pch;
				INFOPLIST_FILE = HairfieApp/Info.plist;
				IPHONEOS_DEPLOYMENT_TARGET = 7.1;
				LD_RUNPATH_SEARCH_PATHS = "$(inherited) @executable_path/Frameworks";
				PRODUCT_NAME = "$(TARGET_NAME)";
				PROVISIONING_PROFILE = "";
				SWIFT_OBJC_BRIDGING_HEADER = "HairfieApp/HairfieApp-Bridging-Header.h";
				SWIFT_OPTIMIZATION_LEVEL = "-Onone";
			};
			name = Debug;
		};
		151151AD1982B7A8001157A2 /* Release */ = {
			isa = XCBuildConfiguration;
			baseConfigurationReference = 2D7E837BAA644663900B5CBF /* Pods-HairfieApp.xcconfig */;
			buildSettings = {
				ASSETCATALOG_COMPILER_APPICON_NAME = AppIcon;
				ASSETCATALOG_COMPILER_LAUNCHIMAGE_NAME = LaunchImage;
				CLANG_ENABLE_MODULES = YES;
				CODE_SIGN_IDENTITY = "iPhone Developer";
				"CODE_SIGN_IDENTITY[sdk=iphoneos*]" = "iPhone Developer";
				GCC_PRECOMPILE_PREFIX_HEADER = YES;
				GCC_PREFIX_HEADER = HairfiePrefixHeader.pch;
				INFOPLIST_FILE = HairfieApp/Info.plist;
				IPHONEOS_DEPLOYMENT_TARGET = 7.1;
				LD_RUNPATH_SEARCH_PATHS = "$(inherited) @executable_path/Frameworks";
				PRODUCT_NAME = "$(TARGET_NAME)";
				PROVISIONING_PROFILE = "";
				SWIFT_OBJC_BRIDGING_HEADER = "HairfieApp/HairfieApp-Bridging-Header.h";
			};
			name = Release;
		};
		151151AF1982B7A8001157A2 /* Debug */ = {
			isa = XCBuildConfiguration;
			baseConfigurationReference = 8C8B91109EA849F389B9B603 /* Pods-HairfieAppTests.xcconfig */;
			buildSettings = {
				BUNDLE_LOADER = "$(BUILT_PRODUCTS_DIR)/HairfieApp.app/HairfieApp";
				FRAMEWORK_SEARCH_PATHS = (
					"$(SDKROOT)/Developer/Library/Frameworks",
					"$(inherited)",
				);
				GCC_PREPROCESSOR_DEFINITIONS = (
					"DEBUG=1",
					"$(inherited)",
				);
				INFOPLIST_FILE = HairfieAppTests/Info.plist;
				LD_RUNPATH_SEARCH_PATHS = "$(inherited) @executable_path/Frameworks @loader_path/Frameworks";
				PRODUCT_NAME = "$(TARGET_NAME)";
				TEST_HOST = "$(BUNDLE_LOADER)";
			};
			name = Debug;
		};
		151151B01982B7A8001157A2 /* Release */ = {
			isa = XCBuildConfiguration;
			baseConfigurationReference = 8C8B91109EA849F389B9B603 /* Pods-HairfieAppTests.xcconfig */;
			buildSettings = {
				BUNDLE_LOADER = "$(BUILT_PRODUCTS_DIR)/HairfieApp.app/HairfieApp";
				FRAMEWORK_SEARCH_PATHS = (
					"$(SDKROOT)/Developer/Library/Frameworks",
					"$(inherited)",
				);
				INFOPLIST_FILE = HairfieAppTests/Info.plist;
				LD_RUNPATH_SEARCH_PATHS = "$(inherited) @executable_path/Frameworks @loader_path/Frameworks";
				PRODUCT_NAME = "$(TARGET_NAME)";
				TEST_HOST = "$(BUNDLE_LOADER)";
			};
			name = Release;
		};
/* End XCBuildConfiguration section */

/* Begin XCConfigurationList section */
		151151861982B7A8001157A2 /* Build configuration list for PBXProject "HairfieApp" */ = {
			isa = XCConfigurationList;
			buildConfigurations = (
				151151A91982B7A8001157A2 /* Debug */,
				151151AA1982B7A8001157A2 /* Release */,
			);
			defaultConfigurationIsVisible = 0;
			defaultConfigurationName = Release;
		};
		151151AB1982B7A8001157A2 /* Build configuration list for PBXNativeTarget "HairfieApp" */ = {
			isa = XCConfigurationList;
			buildConfigurations = (
				151151AC1982B7A8001157A2 /* Debug */,
				151151AD1982B7A8001157A2 /* Release */,
			);
			defaultConfigurationIsVisible = 0;
			defaultConfigurationName = Release;
		};
		151151AE1982B7A8001157A2 /* Build configuration list for PBXNativeTarget "HairfieAppTests" */ = {
			isa = XCConfigurationList;
			buildConfigurations = (
				151151AF1982B7A8001157A2 /* Debug */,
				151151B01982B7A8001157A2 /* Release */,
			);
			defaultConfigurationIsVisible = 0;
			defaultConfigurationName = Release;
		};
/* End XCConfigurationList section */
	};
	rootObject = 151151831982B7A8001157A2 /* Project object */;
}
